// !$*UTF8*$!
{
	archiveVersion = 1;
	classes = {
	};
	objectVersion = 46;
	objects = {

/* Begin PBXBuildFile section */
		B0110E211EA8696F00732D0C /* PBSwiftTests.swift in Sources */ = {isa = PBXBuildFile; fileRef = B0110E201EA8696F00732D0C /* PBSwiftTests.swift */; };
		B0110E2C1EA8696F00732D0C /* PBSwiftUITests.swift in Sources */ = {isa = PBXBuildFile; fileRef = B0110E2B1EA8696F00732D0C /* PBSwiftUITests.swift */; };
		B0110E411EA86A4900732D0C /* AppDelegate.swift in Sources */ = {isa = PBXBuildFile; fileRef = B0110E3C1EA86A4900732D0C /* AppDelegate.swift */; };
		B0110E421EA86A4900732D0C /* Assets.xcassets in Resources */ = {isa = PBXBuildFile; fileRef = B0110E3E1EA86A4900732D0C /* Assets.xcassets */; };
		B0110E431EA86A4900732D0C /* LaunchScreen.storyboard in Resources */ = {isa = PBXBuildFile; fileRef = B0110E3F1EA86A4900732D0C /* LaunchScreen.storyboard */; };
		B0110E471EA86AAC00732D0C /* PBTabBarController.swift in Sources */ = {isa = PBXBuildFile; fileRef = B0110E461EA86AAC00732D0C /* PBTabBarController.swift */; };
		B0110EC11EA86ACD00732D0C /* AFHTTPRequestOperation.m in Sources */ = {isa = PBXBuildFile; fileRef = B0110E4B1EA86ACD00732D0C /* AFHTTPRequestOperation.m */; };
		B0110EC21EA86ACD00732D0C /* AFHTTPRequestOperationManager.m in Sources */ = {isa = PBXBuildFile; fileRef = B0110E4D1EA86ACD00732D0C /* AFHTTPRequestOperationManager.m */; };
		B0110EC31EA86ACD00732D0C /* AFHTTPSessionManager.m in Sources */ = {isa = PBXBuildFile; fileRef = B0110E4F1EA86ACD00732D0C /* AFHTTPSessionManager.m */; };
		B0110EC41EA86ACD00732D0C /* AFNetworkReachabilityManager.m in Sources */ = {isa = PBXBuildFile; fileRef = B0110E521EA86ACD00732D0C /* AFNetworkReachabilityManager.m */; };
		B0110EC51EA86ACD00732D0C /* AFSecurityPolicy.m in Sources */ = {isa = PBXBuildFile; fileRef = B0110E541EA86ACD00732D0C /* AFSecurityPolicy.m */; };
		B0110EC61EA86ACD00732D0C /* AFURLConnectionOperation.m in Sources */ = {isa = PBXBuildFile; fileRef = B0110E561EA86ACD00732D0C /* AFURLConnectionOperation.m */; };
		B0110EC71EA86ACD00732D0C /* AFURLRequestSerialization.m in Sources */ = {isa = PBXBuildFile; fileRef = B0110E581EA86ACD00732D0C /* AFURLRequestSerialization.m */; };
		B0110EC81EA86ACD00732D0C /* AFURLResponseSerialization.m in Sources */ = {isa = PBXBuildFile; fileRef = B0110E5A1EA86ACD00732D0C /* AFURLResponseSerialization.m */; };
		B0110EC91EA86ACD00732D0C /* AFURLSessionManager.m in Sources */ = {isa = PBXBuildFile; fileRef = B0110E5C1EA86ACD00732D0C /* AFURLSessionManager.m */; };
		B0110ECA1EA86ACD00732D0C /* AFNetworkActivityIndicatorManager.m in Sources */ = {isa = PBXBuildFile; fileRef = B0110E5F1EA86ACD00732D0C /* AFNetworkActivityIndicatorManager.m */; };
		B0110ECB1EA86ACD00732D0C /* UIActivityIndicatorView+AFNetworking.m in Sources */ = {isa = PBXBuildFile; fileRef = B0110E611EA86ACD00732D0C /* UIActivityIndicatorView+AFNetworking.m */; };
		B0110ECC1EA86ACD00732D0C /* UIAlertView+AFNetworking.m in Sources */ = {isa = PBXBuildFile; fileRef = B0110E631EA86ACD00732D0C /* UIAlertView+AFNetworking.m */; };
		B0110ECD1EA86ACD00732D0C /* UIButton+AFNetworking.m in Sources */ = {isa = PBXBuildFile; fileRef = B0110E651EA86ACD00732D0C /* UIButton+AFNetworking.m */; };
		B0110ECE1EA86ACD00732D0C /* UIImageView+AFNetworking.m in Sources */ = {isa = PBXBuildFile; fileRef = B0110E671EA86ACD00732D0C /* UIImageView+AFNetworking.m */; };
		B0110ECF1EA86ACD00732D0C /* UIProgressView+AFNetworking.m in Sources */ = {isa = PBXBuildFile; fileRef = B0110E6A1EA86ACD00732D0C /* UIProgressView+AFNetworking.m */; };
		B0110ED01EA86ACD00732D0C /* UIRefreshControl+AFNetworking.m in Sources */ = {isa = PBXBuildFile; fileRef = B0110E6C1EA86ACD00732D0C /* UIRefreshControl+AFNetworking.m */; };
		B0110ED11EA86ACD00732D0C /* UIWebView+AFNetworking.m in Sources */ = {isa = PBXBuildFile; fileRef = B0110E6E1EA86ACD00732D0C /* UIWebView+AFNetworking.m */; };
		B0110ED21EA86ACD00732D0C /* MJRefreshAutoFooter.m in Sources */ = {isa = PBXBuildFile; fileRef = B0110E721EA86ACD00732D0C /* MJRefreshAutoFooter.m */; };
		B0110ED31EA86ACD00732D0C /* MJRefreshBackFooter.m in Sources */ = {isa = PBXBuildFile; fileRef = B0110E741EA86ACD00732D0C /* MJRefreshBackFooter.m */; };
		B0110ED41EA86ACD00732D0C /* MJRefreshComponent.m in Sources */ = {isa = PBXBuildFile; fileRef = B0110E761EA86ACD00732D0C /* MJRefreshComponent.m */; };
		B0110ED51EA86ACD00732D0C /* MJRefreshFooter.m in Sources */ = {isa = PBXBuildFile; fileRef = B0110E781EA86ACD00732D0C /* MJRefreshFooter.m */; };
		B0110ED61EA86ACD00732D0C /* MJRefreshHeader.m in Sources */ = {isa = PBXBuildFile; fileRef = B0110E7A1EA86ACD00732D0C /* MJRefreshHeader.m */; };
		B0110ED71EA86ACD00732D0C /* MJRefreshAutoGifFooter.m in Sources */ = {isa = PBXBuildFile; fileRef = B0110E7F1EA86ACD00732D0C /* MJRefreshAutoGifFooter.m */; };
		B0110ED81EA86ACD00732D0C /* MJRefreshAutoNormalFooter.m in Sources */ = {isa = PBXBuildFile; fileRef = B0110E811EA86ACD00732D0C /* MJRefreshAutoNormalFooter.m */; };
		B0110ED91EA86ACD00732D0C /* MJRefreshAutoStateFooter.m in Sources */ = {isa = PBXBuildFile; fileRef = B0110E831EA86ACD00732D0C /* MJRefreshAutoStateFooter.m */; };
		B0110EDA1EA86ACD00732D0C /* MJRefreshBackGifFooter.m in Sources */ = {isa = PBXBuildFile; fileRef = B0110E861EA86ACD00732D0C /* MJRefreshBackGifFooter.m */; };
		B0110EDB1EA86ACD00732D0C /* MJRefreshBackNormalFooter.m in Sources */ = {isa = PBXBuildFile; fileRef = B0110E881EA86ACD00732D0C /* MJRefreshBackNormalFooter.m */; };
		B0110EDC1EA86ACD00732D0C /* MJRefreshBackStateFooter.m in Sources */ = {isa = PBXBuildFile; fileRef = B0110E8A1EA86ACD00732D0C /* MJRefreshBackStateFooter.m */; };
		B0110EDD1EA86ACD00732D0C /* MJRefreshGifHeader.m in Sources */ = {isa = PBXBuildFile; fileRef = B0110E8D1EA86ACD00732D0C /* MJRefreshGifHeader.m */; };
		B0110EDE1EA86ACD00732D0C /* MJRefreshNormalHeader.m in Sources */ = {isa = PBXBuildFile; fileRef = B0110E8F1EA86ACD00732D0C /* MJRefreshNormalHeader.m */; };
		B0110EDF1EA86ACD00732D0C /* MJRefreshStateHeader.m in Sources */ = {isa = PBXBuildFile; fileRef = B0110E911EA86ACD00732D0C /* MJRefreshStateHeader.m */; };
		B0110EE01EA86ACD00732D0C /* MJRefresh.bundle in Resources */ = {isa = PBXBuildFile; fileRef = B0110E921EA86ACD00732D0C /* MJRefresh.bundle */; };
		B0110EE11EA86ACD00732D0C /* MJRefreshConst.m in Sources */ = {isa = PBXBuildFile; fileRef = B0110E951EA86ACD00732D0C /* MJRefreshConst.m */; };
		B0110EE21EA86ACD00732D0C /* UIScrollView+MJExtension.m in Sources */ = {isa = PBXBuildFile; fileRef = B0110E971EA86ACD00732D0C /* UIScrollView+MJExtension.m */; };
		B0110EE31EA86ACD00732D0C /* UIScrollView+MJRefresh.m in Sources */ = {isa = PBXBuildFile; fileRef = B0110E991EA86ACD00732D0C /* UIScrollView+MJRefresh.m */; };
		B0110EE41EA86ACD00732D0C /* UIView+MJExtension.m in Sources */ = {isa = PBXBuildFile; fileRef = B0110E9B1EA86ACD00732D0C /* UIView+MJExtension.m */; };
		B0110EE51EA86ACD00732D0C /* MKAnnotationView+WebCache.m in Sources */ = {isa = PBXBuildFile; fileRef = B0110E9E1EA86ACD00732D0C /* MKAnnotationView+WebCache.m */; };
		B0110EE61EA86ACD00732D0C /* NSData+ImageContentType.m in Sources */ = {isa = PBXBuildFile; fileRef = B0110EA01EA86ACD00732D0C /* NSData+ImageContentType.m */; };
		B0110EE71EA86ACD00732D0C /* SDImageCache.m in Sources */ = {isa = PBXBuildFile; fileRef = B0110EA21EA86ACD00732D0C /* SDImageCache.m */; };
		B0110EE81EA86ACD00732D0C /* SDWebImageCompat.m in Sources */ = {isa = PBXBuildFile; fileRef = B0110EA41EA86ACD00732D0C /* SDWebImageCompat.m */; };
		B0110EE91EA86ACD00732D0C /* SDWebImageDecoder.m in Sources */ = {isa = PBXBuildFile; fileRef = B0110EA61EA86ACD00732D0C /* SDWebImageDecoder.m */; };
		B0110EEA1EA86ACD00732D0C /* SDWebImageDownloader.m in Sources */ = {isa = PBXBuildFile; fileRef = B0110EA81EA86ACD00732D0C /* SDWebImageDownloader.m */; };
		B0110EEB1EA86ACD00732D0C /* SDWebImageDownloaderOperation.m in Sources */ = {isa = PBXBuildFile; fileRef = B0110EAA1EA86ACD00732D0C /* SDWebImageDownloaderOperation.m */; };
		B0110EEC1EA86ACD00732D0C /* SDWebImageManager.m in Sources */ = {isa = PBXBuildFile; fileRef = B0110EAC1EA86ACD00732D0C /* SDWebImageManager.m */; };
		B0110EED1EA86ACD00732D0C /* SDWebImagePrefetcher.m in Sources */ = {isa = PBXBuildFile; fileRef = B0110EAF1EA86ACD00732D0C /* SDWebImagePrefetcher.m */; };
		B0110EEE1EA86ACD00732D0C /* UIButton+WebCache.m in Sources */ = {isa = PBXBuildFile; fileRef = B0110EB11EA86ACD00732D0C /* UIButton+WebCache.m */; };
		B0110EEF1EA86ACD00732D0C /* UIImage+GIF.m in Sources */ = {isa = PBXBuildFile; fileRef = B0110EB31EA86ACD00732D0C /* UIImage+GIF.m */; };
		B0110EF01EA86ACD00732D0C /* UIImage+MultiFormat.m in Sources */ = {isa = PBXBuildFile; fileRef = B0110EB51EA86ACD00732D0C /* UIImage+MultiFormat.m */; };
		B0110EF11EA86ACD00732D0C /* UIImage+WebP.m in Sources */ = {isa = PBXBuildFile; fileRef = B0110EB71EA86ACD00732D0C /* UIImage+WebP.m */; };
		B0110EF21EA86ACD00732D0C /* UIImageView+HighlightedWebCache.m in Sources */ = {isa = PBXBuildFile; fileRef = B0110EB91EA86ACD00732D0C /* UIImageView+HighlightedWebCache.m */; };
		B0110EF31EA86ACD00732D0C /* UIImageView+WebCache.m in Sources */ = {isa = PBXBuildFile; fileRef = B0110EBB1EA86ACD00732D0C /* UIImageView+WebCache.m */; };
		B0110EF41EA86ACD00732D0C /* UIView+WebCacheOperation.m in Sources */ = {isa = PBXBuildFile; fileRef = B0110EBD1EA86ACD00732D0C /* UIView+WebCacheOperation.m */; };
		B0110EF51EA86ACD00732D0C /* TTTAttributedLabel.m in Sources */ = {isa = PBXBuildFile; fileRef = B0110EC01EA86ACD00732D0C /* TTTAttributedLabel.m */; };
		B0110F021EA86AF300732D0C /* PBTestOneController.swift in Sources */ = {isa = PBXBuildFile; fileRef = B0110EF81EA86AF200732D0C /* PBTestOneController.swift */; };
		B0110F031EA86AF300732D0C /* PBTestOne.swift in Sources */ = {isa = PBXBuildFile; fileRef = B0110EFA1EA86AF300732D0C /* PBTestOne.swift */; };
		B0110F041EA86AF300732D0C /* PBTestOneData.swift in Sources */ = {isa = PBXBuildFile; fileRef = B0110EFB1EA86AF300732D0C /* PBTestOneData.swift */; };
		B0110F051EA86AF300732D0C /* PBTestOneDataArtistList.swift in Sources */ = {isa = PBXBuildFile; fileRef = B0110EFC1EA86AF300732D0C /* PBTestOneDataArtistList.swift */; };
		B0110F061EA86AF300732D0C /* PBTestOneDataDynamic.swift in Sources */ = {isa = PBXBuildFile; fileRef = B0110EFD1EA86AF300732D0C /* PBTestOneDataDynamic.swift */; };
		B0110F071EA86AF300732D0C /* PBTestOneCell.swift in Sources */ = {isa = PBXBuildFile; fileRef = B0110EFF1EA86AF300732D0C /* PBTestOneCell.swift */; };
		B0110F081EA86AF300732D0C /* PBTestOneView.swift in Sources */ = {isa = PBXBuildFile; fileRef = B0110F001EA86AF300732D0C /* PBTestOneView.swift */; };
		B0110F091EA86AF300732D0C /* PBTestOneView.xib in Resources */ = {isa = PBXBuildFile; fileRef = B0110F011EA86AF300732D0C /* PBTestOneView.xib */; };
		B0110F101EA86B0500732D0C /* PBTestTwoController.swift in Sources */ = {isa = PBXBuildFile; fileRef = B0110F0C1EA86B0500732D0C /* PBTestTwoController.swift */; };
		B0110F111EA86B0500732D0C /* PBTestTwoView.swift in Sources */ = {isa = PBXBuildFile; fileRef = B0110F0F1EA86B0500732D0C /* PBTestTwoView.swift */; };
/* End PBXBuildFile section */

/* Begin PBXContainerItemProxy section */
		B0110E1D1EA8696F00732D0C /* PBXContainerItemProxy */ = {
			isa = PBXContainerItemProxy;
			containerPortal = B0110E001EA8696F00732D0C /* Project object */;
			proxyType = 1;
			remoteGlobalIDString = B0110E071EA8696F00732D0C;
			remoteInfo = PBSwift;
		};
		B0110E281EA8696F00732D0C /* PBXContainerItemProxy */ = {
			isa = PBXContainerItemProxy;
			containerPortal = B0110E001EA8696F00732D0C /* Project object */;
			proxyType = 1;
			remoteGlobalIDString = B0110E071EA8696F00732D0C;
			remoteInfo = PBSwift;
		};
/* End PBXContainerItemProxy section */

/* Begin PBXFileReference section */
		B0110E081EA8696F00732D0C /* PBSwift.app */ = {isa = PBXFileReference; explicitFileType = wrapper.application; includeInIndex = 0; path = PBSwift.app; sourceTree = BUILT_PRODUCTS_DIR; };
		B0110E171EA8696F00732D0C /* Info.plist */ = {isa = PBXFileReference; lastKnownFileType = text.plist.xml; path = Info.plist; sourceTree = "<group>"; };
		B0110E1C1EA8696F00732D0C /* PBSwiftTests.xctest */ = {isa = PBXFileReference; explicitFileType = wrapper.cfbundle; includeInIndex = 0; path = PBSwiftTests.xctest; sourceTree = BUILT_PRODUCTS_DIR; };
		B0110E201EA8696F00732D0C /* PBSwiftTests.swift */ = {isa = PBXFileReference; lastKnownFileType = sourcecode.swift; path = PBSwiftTests.swift; sourceTree = "<group>"; };
		B0110E221EA8696F00732D0C /* Info.plist */ = {isa = PBXFileReference; lastKnownFileType = text.plist.xml; path = Info.plist; sourceTree = "<group>"; };
		B0110E271EA8696F00732D0C /* PBSwiftUITests.xctest */ = {isa = PBXFileReference; explicitFileType = wrapper.cfbundle; includeInIndex = 0; path = PBSwiftUITests.xctest; sourceTree = BUILT_PRODUCTS_DIR; };
		B0110E2B1EA8696F00732D0C /* PBSwiftUITests.swift */ = {isa = PBXFileReference; lastKnownFileType = sourcecode.swift; path = PBSwiftUITests.swift; sourceTree = "<group>"; };
		B0110E2D1EA8696F00732D0C /* Info.plist */ = {isa = PBXFileReference; lastKnownFileType = text.plist.xml; path = Info.plist; sourceTree = "<group>"; };
		B0110E3C1EA86A4900732D0C /* AppDelegate.swift */ = {isa = PBXFileReference; fileEncoding = 4; lastKnownFileType = sourcecode.swift; path = AppDelegate.swift; sourceTree = "<group>"; };
		B0110E3E1EA86A4900732D0C /* Assets.xcassets */ = {isa = PBXFileReference; lastKnownFileType = folder.assetcatalog; path = Assets.xcassets; sourceTree = "<group>"; };
		B0110E3F1EA86A4900732D0C /* LaunchScreen.storyboard */ = {isa = PBXFileReference; fileEncoding = 4; lastKnownFileType = file.storyboard; path = LaunchScreen.storyboard; sourceTree = "<group>"; };
		B0110E461EA86AAC00732D0C /* PBTabBarController.swift */ = {isa = PBXFileReference; fileEncoding = 4; lastKnownFileType = sourcecode.swift; path = PBTabBarController.swift; sourceTree = "<group>"; };
		B0110E4A1EA86ACD00732D0C /* AFHTTPRequestOperation.h */ = {isa = PBXFileReference; fileEncoding = 4; lastKnownFileType = sourcecode.c.h; path = AFHTTPRequestOperation.h; sourceTree = "<group>"; };
		B0110E4B1EA86ACD00732D0C /* AFHTTPRequestOperation.m */ = {isa = PBXFileReference; fileEncoding = 4; lastKnownFileType = sourcecode.c.objc; path = AFHTTPRequestOperation.m; sourceTree = "<group>"; };
		B0110E4C1EA86ACD00732D0C /* AFHTTPRequestOperationManager.h */ = {isa = PBXFileReference; fileEncoding = 4; lastKnownFileType = sourcecode.c.h; path = AFHTTPRequestOperationManager.h; sourceTree = "<group>"; };
		B0110E4D1EA86ACD00732D0C /* AFHTTPRequestOperationManager.m */ = {isa = PBXFileReference; fileEncoding = 4; lastKnownFileType = sourcecode.c.objc; path = AFHTTPRequestOperationManager.m; sourceTree = "<group>"; };
		B0110E4E1EA86ACD00732D0C /* AFHTTPSessionManager.h */ = {isa = PBXFileReference; fileEncoding = 4; lastKnownFileType = sourcecode.c.h; path = AFHTTPSessionManager.h; sourceTree = "<group>"; };
		B0110E4F1EA86ACD00732D0C /* AFHTTPSessionManager.m */ = {isa = PBXFileReference; fileEncoding = 4; lastKnownFileType = sourcecode.c.objc; path = AFHTTPSessionManager.m; sourceTree = "<group>"; };
		B0110E501EA86ACD00732D0C /* AFNetworking.h */ = {isa = PBXFileReference; fileEncoding = 4; lastKnownFileType = sourcecode.c.h; path = AFNetworking.h; sourceTree = "<group>"; };
		B0110E511EA86ACD00732D0C /* AFNetworkReachabilityManager.h */ = {isa = PBXFileReference; fileEncoding = 4; lastKnownFileType = sourcecode.c.h; path = AFNetworkReachabilityManager.h; sourceTree = "<group>"; };
		B0110E521EA86ACD00732D0C /* AFNetworkReachabilityManager.m */ = {isa = PBXFileReference; fileEncoding = 4; lastKnownFileType = sourcecode.c.objc; path = AFNetworkReachabilityManager.m; sourceTree = "<group>"; };
		B0110E531EA86ACD00732D0C /* AFSecurityPolicy.h */ = {isa = PBXFileReference; fileEncoding = 4; lastKnownFileType = sourcecode.c.h; path = AFSecurityPolicy.h; sourceTree = "<group>"; };
		B0110E541EA86ACD00732D0C /* AFSecurityPolicy.m */ = {isa = PBXFileReference; fileEncoding = 4; lastKnownFileType = sourcecode.c.objc; path = AFSecurityPolicy.m; sourceTree = "<group>"; };
		B0110E551EA86ACD00732D0C /* AFURLConnectionOperation.h */ = {isa = PBXFileReference; fileEncoding = 4; lastKnownFileType = sourcecode.c.h; path = AFURLConnectionOperation.h; sourceTree = "<group>"; };
		B0110E561EA86ACD00732D0C /* AFURLConnectionOperation.m */ = {isa = PBXFileReference; fileEncoding = 4; lastKnownFileType = sourcecode.c.objc; path = AFURLConnectionOperation.m; sourceTree = "<group>"; };
		B0110E571EA86ACD00732D0C /* AFURLRequestSerialization.h */ = {isa = PBXFileReference; fileEncoding = 4; lastKnownFileType = sourcecode.c.h; path = AFURLRequestSerialization.h; sourceTree = "<group>"; };
		B0110E581EA86ACD00732D0C /* AFURLRequestSerialization.m */ = {isa = PBXFileReference; fileEncoding = 4; lastKnownFileType = sourcecode.c.objc; path = AFURLRequestSerialization.m; sourceTree = "<group>"; };
		B0110E591EA86ACD00732D0C /* AFURLResponseSerialization.h */ = {isa = PBXFileReference; fileEncoding = 4; lastKnownFileType = sourcecode.c.h; path = AFURLResponseSerialization.h; sourceTree = "<group>"; };
		B0110E5A1EA86ACD00732D0C /* AFURLResponseSerialization.m */ = {isa = PBXFileReference; fileEncoding = 4; lastKnownFileType = sourcecode.c.objc; path = AFURLResponseSerialization.m; sourceTree = "<group>"; };
		B0110E5B1EA86ACD00732D0C /* AFURLSessionManager.h */ = {isa = PBXFileReference; fileEncoding = 4; lastKnownFileType = sourcecode.c.h; path = AFURLSessionManager.h; sourceTree = "<group>"; };
		B0110E5C1EA86ACD00732D0C /* AFURLSessionManager.m */ = {isa = PBXFileReference; fileEncoding = 4; lastKnownFileType = sourcecode.c.objc; path = AFURLSessionManager.m; sourceTree = "<group>"; };
		B0110E5E1EA86ACD00732D0C /* AFNetworkActivityIndicatorManager.h */ = {isa = PBXFileReference; fileEncoding = 4; lastKnownFileType = sourcecode.c.h; path = AFNetworkActivityIndicatorManager.h; sourceTree = "<group>"; };
		B0110E5F1EA86ACD00732D0C /* AFNetworkActivityIndicatorManager.m */ = {isa = PBXFileReference; fileEncoding = 4; lastKnownFileType = sourcecode.c.objc; path = AFNetworkActivityIndicatorManager.m; sourceTree = "<group>"; };
		B0110E601EA86ACD00732D0C /* UIActivityIndicatorView+AFNetworking.h */ = {isa = PBXFileReference; fileEncoding = 4; lastKnownFileType = sourcecode.c.h; path = "UIActivityIndicatorView+AFNetworking.h"; sourceTree = "<group>"; };
		B0110E611EA86ACD00732D0C /* UIActivityIndicatorView+AFNetworking.m */ = {isa = PBXFileReference; fileEncoding = 4; lastKnownFileType = sourcecode.c.objc; path = "UIActivityIndicatorView+AFNetworking.m"; sourceTree = "<group>"; };
		B0110E621EA86ACD00732D0C /* UIAlertView+AFNetworking.h */ = {isa = PBXFileReference; fileEncoding = 4; lastKnownFileType = sourcecode.c.h; path = "UIAlertView+AFNetworking.h"; sourceTree = "<group>"; };
		B0110E631EA86ACD00732D0C /* UIAlertView+AFNetworking.m */ = {isa = PBXFileReference; fileEncoding = 4; lastKnownFileType = sourcecode.c.objc; path = "UIAlertView+AFNetworking.m"; sourceTree = "<group>"; };
		B0110E641EA86ACD00732D0C /* UIButton+AFNetworking.h */ = {isa = PBXFileReference; fileEncoding = 4; lastKnownFileType = sourcecode.c.h; path = "UIButton+AFNetworking.h"; sourceTree = "<group>"; };
		B0110E651EA86ACD00732D0C /* UIButton+AFNetworking.m */ = {isa = PBXFileReference; fileEncoding = 4; lastKnownFileType = sourcecode.c.objc; path = "UIButton+AFNetworking.m"; sourceTree = "<group>"; };
		B0110E661EA86ACD00732D0C /* UIImageView+AFNetworking.h */ = {isa = PBXFileReference; fileEncoding = 4; lastKnownFileType = sourcecode.c.h; path = "UIImageView+AFNetworking.h"; sourceTree = "<group>"; };
		B0110E671EA86ACD00732D0C /* UIImageView+AFNetworking.m */ = {isa = PBXFileReference; fileEncoding = 4; lastKnownFileType = sourcecode.c.objc; path = "UIImageView+AFNetworking.m"; sourceTree = "<group>"; };
		B0110E681EA86ACD00732D0C /* UIKit+AFNetworking.h */ = {isa = PBXFileReference; fileEncoding = 4; lastKnownFileType = sourcecode.c.h; path = "UIKit+AFNetworking.h"; sourceTree = "<group>"; };
		B0110E691EA86ACD00732D0C /* UIProgressView+AFNetworking.h */ = {isa = PBXFileReference; fileEncoding = 4; lastKnownFileType = sourcecode.c.h; path = "UIProgressView+AFNetworking.h"; sourceTree = "<group>"; };
		B0110E6A1EA86ACD00732D0C /* UIProgressView+AFNetworking.m */ = {isa = PBXFileReference; fileEncoding = 4; lastKnownFileType = sourcecode.c.objc; path = "UIProgressView+AFNetworking.m"; sourceTree = "<group>"; };
		B0110E6B1EA86ACD00732D0C /* UIRefreshControl+AFNetworking.h */ = {isa = PBXFileReference; fileEncoding = 4; lastKnownFileType = sourcecode.c.h; path = "UIRefreshControl+AFNetworking.h"; sourceTree = "<group>"; };
		B0110E6C1EA86ACD00732D0C /* UIRefreshControl+AFNetworking.m */ = {isa = PBXFileReference; fileEncoding = 4; lastKnownFileType = sourcecode.c.objc; path = "UIRefreshControl+AFNetworking.m"; sourceTree = "<group>"; };
		B0110E6D1EA86ACD00732D0C /* UIWebView+AFNetworking.h */ = {isa = PBXFileReference; fileEncoding = 4; lastKnownFileType = sourcecode.c.h; path = "UIWebView+AFNetworking.h"; sourceTree = "<group>"; };
		B0110E6E1EA86ACD00732D0C /* UIWebView+AFNetworking.m */ = {isa = PBXFileReference; fileEncoding = 4; lastKnownFileType = sourcecode.c.objc; path = "UIWebView+AFNetworking.m"; sourceTree = "<group>"; };
		B0110E711EA86ACD00732D0C /* MJRefreshAutoFooter.h */ = {isa = PBXFileReference; fileEncoding = 4; lastKnownFileType = sourcecode.c.h; path = MJRefreshAutoFooter.h; sourceTree = "<group>"; };
		B0110E721EA86ACD00732D0C /* MJRefreshAutoFooter.m */ = {isa = PBXFileReference; fileEncoding = 4; lastKnownFileType = sourcecode.c.objc; path = MJRefreshAutoFooter.m; sourceTree = "<group>"; };
		B0110E731EA86ACD00732D0C /* MJRefreshBackFooter.h */ = {isa = PBXFileReference; fileEncoding = 4; lastKnownFileType = sourcecode.c.h; path = MJRefreshBackFooter.h; sourceTree = "<group>"; };
		B0110E741EA86ACD00732D0C /* MJRefreshBackFooter.m */ = {isa = PBXFileReference; fileEncoding = 4; lastKnownFileType = sourcecode.c.objc; path = MJRefreshBackFooter.m; sourceTree = "<group>"; };
		B0110E751EA86ACD00732D0C /* MJRefreshComponent.h */ = {isa = PBXFileReference; fileEncoding = 4; lastKnownFileType = sourcecode.c.h; path = MJRefreshComponent.h; sourceTree = "<group>"; };
		B0110E761EA86ACD00732D0C /* MJRefreshComponent.m */ = {isa = PBXFileReference; fileEncoding = 4; lastKnownFileType = sourcecode.c.objc; path = MJRefreshComponent.m; sourceTree = "<group>"; };
		B0110E771EA86ACD00732D0C /* MJRefreshFooter.h */ = {isa = PBXFileReference; fileEncoding = 4; lastKnownFileType = sourcecode.c.h; path = MJRefreshFooter.h; sourceTree = "<group>"; };
		B0110E781EA86ACD00732D0C /* MJRefreshFooter.m */ = {isa = PBXFileReference; fileEncoding = 4; lastKnownFileType = sourcecode.c.objc; path = MJRefreshFooter.m; sourceTree = "<group>"; };
		B0110E791EA86ACD00732D0C /* MJRefreshHeader.h */ = {isa = PBXFileReference; fileEncoding = 4; lastKnownFileType = sourcecode.c.h; path = MJRefreshHeader.h; sourceTree = "<group>"; };
		B0110E7A1EA86ACD00732D0C /* MJRefreshHeader.m */ = {isa = PBXFileReference; fileEncoding = 4; lastKnownFileType = sourcecode.c.objc; path = MJRefreshHeader.m; sourceTree = "<group>"; };
		B0110E7E1EA86ACD00732D0C /* MJRefreshAutoGifFooter.h */ = {isa = PBXFileReference; fileEncoding = 4; lastKnownFileType = sourcecode.c.h; path = MJRefreshAutoGifFooter.h; sourceTree = "<group>"; };
		B0110E7F1EA86ACD00732D0C /* MJRefreshAutoGifFooter.m */ = {isa = PBXFileReference; fileEncoding = 4; lastKnownFileType = sourcecode.c.objc; path = MJRefreshAutoGifFooter.m; sourceTree = "<group>"; };
		B0110E801EA86ACD00732D0C /* MJRefreshAutoNormalFooter.h */ = {isa = PBXFileReference; fileEncoding = 4; lastKnownFileType = sourcecode.c.h; path = MJRefreshAutoNormalFooter.h; sourceTree = "<group>"; };
		B0110E811EA86ACD00732D0C /* MJRefreshAutoNormalFooter.m */ = {isa = PBXFileReference; fileEncoding = 4; lastKnownFileType = sourcecode.c.objc; path = MJRefreshAutoNormalFooter.m; sourceTree = "<group>"; };
		B0110E821EA86ACD00732D0C /* MJRefreshAutoStateFooter.h */ = {isa = PBXFileReference; fileEncoding = 4; lastKnownFileType = sourcecode.c.h; path = MJRefreshAutoStateFooter.h; sourceTree = "<group>"; };
		B0110E831EA86ACD00732D0C /* MJRefreshAutoStateFooter.m */ = {isa = PBXFileReference; fileEncoding = 4; lastKnownFileType = sourcecode.c.objc; path = MJRefreshAutoStateFooter.m; sourceTree = "<group>"; };
		B0110E851EA86ACD00732D0C /* MJRefreshBackGifFooter.h */ = {isa = PBXFileReference; fileEncoding = 4; lastKnownFileType = sourcecode.c.h; path = MJRefreshBackGifFooter.h; sourceTree = "<group>"; };
		B0110E861EA86ACD00732D0C /* MJRefreshBackGifFooter.m */ = {isa = PBXFileReference; fileEncoding = 4; lastKnownFileType = sourcecode.c.objc; path = MJRefreshBackGifFooter.m; sourceTree = "<group>"; };
		B0110E871EA86ACD00732D0C /* MJRefreshBackNormalFooter.h */ = {isa = PBXFileReference; fileEncoding = 4; lastKnownFileType = sourcecode.c.h; path = MJRefreshBackNormalFooter.h; sourceTree = "<group>"; };
		B0110E881EA86ACD00732D0C /* MJRefreshBackNormalFooter.m */ = {isa = PBXFileReference; fileEncoding = 4; lastKnownFileType = sourcecode.c.objc; path = MJRefreshBackNormalFooter.m; sourceTree = "<group>"; };
		B0110E891EA86ACD00732D0C /* MJRefreshBackStateFooter.h */ = {isa = PBXFileReference; fileEncoding = 4; lastKnownFileType = sourcecode.c.h; path = MJRefreshBackStateFooter.h; sourceTree = "<group>"; };
		B0110E8A1EA86ACD00732D0C /* MJRefreshBackStateFooter.m */ = {isa = PBXFileReference; fileEncoding = 4; lastKnownFileType = sourcecode.c.objc; path = MJRefreshBackStateFooter.m; sourceTree = "<group>"; };
		B0110E8C1EA86ACD00732D0C /* MJRefreshGifHeader.h */ = {isa = PBXFileReference; fileEncoding = 4; lastKnownFileType = sourcecode.c.h; path = MJRefreshGifHeader.h; sourceTree = "<group>"; };
		B0110E8D1EA86ACD00732D0C /* MJRefreshGifHeader.m */ = {isa = PBXFileReference; fileEncoding = 4; lastKnownFileType = sourcecode.c.objc; path = MJRefreshGifHeader.m; sourceTree = "<group>"; };
		B0110E8E1EA86ACD00732D0C /* MJRefreshNormalHeader.h */ = {isa = PBXFileReference; fileEncoding = 4; lastKnownFileType = sourcecode.c.h; path = MJRefreshNormalHeader.h; sourceTree = "<group>"; };
		B0110E8F1EA86ACD00732D0C /* MJRefreshNormalHeader.m */ = {isa = PBXFileReference; fileEncoding = 4; lastKnownFileType = sourcecode.c.objc; path = MJRefreshNormalHeader.m; sourceTree = "<group>"; };
		B0110E901EA86ACD00732D0C /* MJRefreshStateHeader.h */ = {isa = PBXFileReference; fileEncoding = 4; lastKnownFileType = sourcecode.c.h; path = MJRefreshStateHeader.h; sourceTree = "<group>"; };
		B0110E911EA86ACD00732D0C /* MJRefreshStateHeader.m */ = {isa = PBXFileReference; fileEncoding = 4; lastKnownFileType = sourcecode.c.objc; path = MJRefreshStateHeader.m; sourceTree = "<group>"; };
		B0110E921EA86ACD00732D0C /* MJRefresh.bundle */ = {isa = PBXFileReference; lastKnownFileType = "wrapper.plug-in"; path = MJRefresh.bundle; sourceTree = "<group>"; };
		B0110E931EA86ACD00732D0C /* MJRefresh.h */ = {isa = PBXFileReference; fileEncoding = 4; lastKnownFileType = sourcecode.c.h; path = MJRefresh.h; sourceTree = "<group>"; };
		B0110E941EA86ACD00732D0C /* MJRefreshConst.h */ = {isa = PBXFileReference; fileEncoding = 4; lastKnownFileType = sourcecode.c.h; path = MJRefreshConst.h; sourceTree = "<group>"; };
		B0110E951EA86ACD00732D0C /* MJRefreshConst.m */ = {isa = PBXFileReference; fileEncoding = 4; lastKnownFileType = sourcecode.c.objc; path = MJRefreshConst.m; sourceTree = "<group>"; };
		B0110E961EA86ACD00732D0C /* UIScrollView+MJExtension.h */ = {isa = PBXFileReference; fileEncoding = 4; lastKnownFileType = sourcecode.c.h; path = "UIScrollView+MJExtension.h"; sourceTree = "<group>"; };
		B0110E971EA86ACD00732D0C /* UIScrollView+MJExtension.m */ = {isa = PBXFileReference; fileEncoding = 4; lastKnownFileType = sourcecode.c.objc; path = "UIScrollView+MJExtension.m"; sourceTree = "<group>"; };
		B0110E981EA86ACD00732D0C /* UIScrollView+MJRefresh.h */ = {isa = PBXFileReference; fileEncoding = 4; lastKnownFileType = sourcecode.c.h; path = "UIScrollView+MJRefresh.h"; sourceTree = "<group>"; };
		B0110E991EA86ACD00732D0C /* UIScrollView+MJRefresh.m */ = {isa = PBXFileReference; fileEncoding = 4; lastKnownFileType = sourcecode.c.objc; path = "UIScrollView+MJRefresh.m"; sourceTree = "<group>"; };
		B0110E9A1EA86ACD00732D0C /* UIView+MJExtension.h */ = {isa = PBXFileReference; fileEncoding = 4; lastKnownFileType = sourcecode.c.h; path = "UIView+MJExtension.h"; sourceTree = "<group>"; };
		B0110E9B1EA86ACD00732D0C /* UIView+MJExtension.m */ = {isa = PBXFileReference; fileEncoding = 4; lastKnownFileType = sourcecode.c.objc; path = "UIView+MJExtension.m"; sourceTree = "<group>"; };
		B0110E9D1EA86ACD00732D0C /* MKAnnotationView+WebCache.h */ = {isa = PBXFileReference; fileEncoding = 4; lastKnownFileType = sourcecode.c.h; path = "MKAnnotationView+WebCache.h"; sourceTree = "<group>"; };
		B0110E9E1EA86ACD00732D0C /* MKAnnotationView+WebCache.m */ = {isa = PBXFileReference; fileEncoding = 4; lastKnownFileType = sourcecode.c.objc; path = "MKAnnotationView+WebCache.m"; sourceTree = "<group>"; };
		B0110E9F1EA86ACD00732D0C /* NSData+ImageContentType.h */ = {isa = PBXFileReference; fileEncoding = 4; lastKnownFileType = sourcecode.c.h; path = "NSData+ImageContentType.h"; sourceTree = "<group>"; };
		B0110EA01EA86ACD00732D0C /* NSData+ImageContentType.m */ = {isa = PBXFileReference; fileEncoding = 4; lastKnownFileType = sourcecode.c.objc; path = "NSData+ImageContentType.m"; sourceTree = "<group>"; };
		B0110EA11EA86ACD00732D0C /* SDImageCache.h */ = {isa = PBXFileReference; fileEncoding = 4; lastKnownFileType = sourcecode.c.h; path = SDImageCache.h; sourceTree = "<group>"; };
		B0110EA21EA86ACD00732D0C /* SDImageCache.m */ = {isa = PBXFileReference; fileEncoding = 4; lastKnownFileType = sourcecode.c.objc; path = SDImageCache.m; sourceTree = "<group>"; };
		B0110EA31EA86ACD00732D0C /* SDWebImageCompat.h */ = {isa = PBXFileReference; fileEncoding = 4; lastKnownFileType = sourcecode.c.h; path = SDWebImageCompat.h; sourceTree = "<group>"; };
		B0110EA41EA86ACD00732D0C /* SDWebImageCompat.m */ = {isa = PBXFileReference; fileEncoding = 4; lastKnownFileType = sourcecode.c.objc; path = SDWebImageCompat.m; sourceTree = "<group>"; };
		B0110EA51EA86ACD00732D0C /* SDWebImageDecoder.h */ = {isa = PBXFileReference; fileEncoding = 4; lastKnownFileType = sourcecode.c.h; path = SDWebImageDecoder.h; sourceTree = "<group>"; };
		B0110EA61EA86ACD00732D0C /* SDWebImageDecoder.m */ = {isa = PBXFileReference; fileEncoding = 4; lastKnownFileType = sourcecode.c.objc; path = SDWebImageDecoder.m; sourceTree = "<group>"; };
		B0110EA71EA86ACD00732D0C /* SDWebImageDownloader.h */ = {isa = PBXFileReference; fileEncoding = 4; lastKnownFileType = sourcecode.c.h; path = SDWebImageDownloader.h; sourceTree = "<group>"; };
		B0110EA81EA86ACD00732D0C /* SDWebImageDownloader.m */ = {isa = PBXFileReference; fileEncoding = 4; lastKnownFileType = sourcecode.c.objc; path = SDWebImageDownloader.m; sourceTree = "<group>"; };
		B0110EA91EA86ACD00732D0C /* SDWebImageDownloaderOperation.h */ = {isa = PBXFileReference; fileEncoding = 4; lastKnownFileType = sourcecode.c.h; path = SDWebImageDownloaderOperation.h; sourceTree = "<group>"; };
		B0110EAA1EA86ACD00732D0C /* SDWebImageDownloaderOperation.m */ = {isa = PBXFileReference; fileEncoding = 4; lastKnownFileType = sourcecode.c.objc; path = SDWebImageDownloaderOperation.m; sourceTree = "<group>"; };
		B0110EAB1EA86ACD00732D0C /* SDWebImageManager.h */ = {isa = PBXFileReference; fileEncoding = 4; lastKnownFileType = sourcecode.c.h; path = SDWebImageManager.h; sourceTree = "<group>"; };
		B0110EAC1EA86ACD00732D0C /* SDWebImageManager.m */ = {isa = PBXFileReference; fileEncoding = 4; lastKnownFileType = sourcecode.c.objc; path = SDWebImageManager.m; sourceTree = "<group>"; };
		B0110EAD1EA86ACD00732D0C /* SDWebImageOperation.h */ = {isa = PBXFileReference; fileEncoding = 4; lastKnownFileType = sourcecode.c.h; path = SDWebImageOperation.h; sourceTree = "<group>"; };
		B0110EAE1EA86ACD00732D0C /* SDWebImagePrefetcher.h */ = {isa = PBXFileReference; fileEncoding = 4; lastKnownFileType = sourcecode.c.h; path = SDWebImagePrefetcher.h; sourceTree = "<group>"; };
		B0110EAF1EA86ACD00732D0C /* SDWebImagePrefetcher.m */ = {isa = PBXFileReference; fileEncoding = 4; lastKnownFileType = sourcecode.c.objc; path = SDWebImagePrefetcher.m; sourceTree = "<group>"; };
		B0110EB01EA86ACD00732D0C /* UIButton+WebCache.h */ = {isa = PBXFileReference; fileEncoding = 4; lastKnownFileType = sourcecode.c.h; path = "UIButton+WebCache.h"; sourceTree = "<group>"; };
		B0110EB11EA86ACD00732D0C /* UIButton+WebCache.m */ = {isa = PBXFileReference; fileEncoding = 4; lastKnownFileType = sourcecode.c.objc; path = "UIButton+WebCache.m"; sourceTree = "<group>"; };
		B0110EB21EA86ACD00732D0C /* UIImage+GIF.h */ = {isa = PBXFileReference; fileEncoding = 4; lastKnownFileType = sourcecode.c.h; path = "UIImage+GIF.h"; sourceTree = "<group>"; };
		B0110EB31EA86ACD00732D0C /* UIImage+GIF.m */ = {isa = PBXFileReference; fileEncoding = 4; lastKnownFileType = sourcecode.c.objc; path = "UIImage+GIF.m"; sourceTree = "<group>"; };
		B0110EB41EA86ACD00732D0C /* UIImage+MultiFormat.h */ = {isa = PBXFileReference; fileEncoding = 4; lastKnownFileType = sourcecode.c.h; path = "UIImage+MultiFormat.h"; sourceTree = "<group>"; };
		B0110EB51EA86ACD00732D0C /* UIImage+MultiFormat.m */ = {isa = PBXFileReference; fileEncoding = 4; lastKnownFileType = sourcecode.c.objc; path = "UIImage+MultiFormat.m"; sourceTree = "<group>"; };
		B0110EB61EA86ACD00732D0C /* UIImage+WebP.h */ = {isa = PBXFileReference; fileEncoding = 4; lastKnownFileType = sourcecode.c.h; path = "UIImage+WebP.h"; sourceTree = "<group>"; };
		B0110EB71EA86ACD00732D0C /* UIImage+WebP.m */ = {isa = PBXFileReference; fileEncoding = 4; lastKnownFileType = sourcecode.c.objc; path = "UIImage+WebP.m"; sourceTree = "<group>"; };
		B0110EB81EA86ACD00732D0C /* UIImageView+HighlightedWebCache.h */ = {isa = PBXFileReference; fileEncoding = 4; lastKnownFileType = sourcecode.c.h; path = "UIImageView+HighlightedWebCache.h"; sourceTree = "<group>"; };
		B0110EB91EA86ACD00732D0C /* UIImageView+HighlightedWebCache.m */ = {isa = PBXFileReference; fileEncoding = 4; lastKnownFileType = sourcecode.c.objc; path = "UIImageView+HighlightedWebCache.m"; sourceTree = "<group>"; };
		B0110EBA1EA86ACD00732D0C /* UIImageView+WebCache.h */ = {isa = PBXFileReference; fileEncoding = 4; lastKnownFileType = sourcecode.c.h; path = "UIImageView+WebCache.h"; sourceTree = "<group>"; };
		B0110EBB1EA86ACD00732D0C /* UIImageView+WebCache.m */ = {isa = PBXFileReference; fileEncoding = 4; lastKnownFileType = sourcecode.c.objc; path = "UIImageView+WebCache.m"; sourceTree = "<group>"; };
		B0110EBC1EA86ACD00732D0C /* UIView+WebCacheOperation.h */ = {isa = PBXFileReference; fileEncoding = 4; lastKnownFileType = sourcecode.c.h; path = "UIView+WebCacheOperation.h"; sourceTree = "<group>"; };
		B0110EBD1EA86ACD00732D0C /* UIView+WebCacheOperation.m */ = {isa = PBXFileReference; fileEncoding = 4; lastKnownFileType = sourcecode.c.objc; path = "UIView+WebCacheOperation.m"; sourceTree = "<group>"; };
		B0110EBF1EA86ACD00732D0C /* TTTAttributedLabel.h */ = {isa = PBXFileReference; fileEncoding = 4; lastKnownFileType = sourcecode.c.h; path = TTTAttributedLabel.h; sourceTree = "<group>"; };
		B0110EC01EA86ACD00732D0C /* TTTAttributedLabel.m */ = {isa = PBXFileReference; fileEncoding = 4; lastKnownFileType = sourcecode.c.objc; path = TTTAttributedLabel.m; sourceTree = "<group>"; };
		B0110EF81EA86AF200732D0C /* PBTestOneController.swift */ = {isa = PBXFileReference; fileEncoding = 4; lastKnownFileType = sourcecode.swift; path = PBTestOneController.swift; sourceTree = "<group>"; };
		B0110EFA1EA86AF300732D0C /* PBTestOne.swift */ = {isa = PBXFileReference; fileEncoding = 4; lastKnownFileType = sourcecode.swift; path = PBTestOne.swift; sourceTree = "<group>"; };
		B0110EFB1EA86AF300732D0C /* PBTestOneData.swift */ = {isa = PBXFileReference; fileEncoding = 4; lastKnownFileType = sourcecode.swift; path = PBTestOneData.swift; sourceTree = "<group>"; };
		B0110EFC1EA86AF300732D0C /* PBTestOneDataArtistList.swift */ = {isa = PBXFileReference; fileEncoding = 4; lastKnownFileType = sourcecode.swift; path = PBTestOneDataArtistList.swift; sourceTree = "<group>"; };
		B0110EFD1EA86AF300732D0C /* PBTestOneDataDynamic.swift */ = {isa = PBXFileReference; fileEncoding = 4; lastKnownFileType = sourcecode.swift; path = PBTestOneDataDynamic.swift; sourceTree = "<group>"; };
		B0110EFF1EA86AF300732D0C /* PBTestOneCell.swift */ = {isa = PBXFileReference; fileEncoding = 4; lastKnownFileType = sourcecode.swift; path = PBTestOneCell.swift; sourceTree = "<group>"; };
		B0110F001EA86AF300732D0C /* PBTestOneView.swift */ = {isa = PBXFileReference; fileEncoding = 4; lastKnownFileType = sourcecode.swift; path = PBTestOneView.swift; sourceTree = "<group>"; };
		B0110F011EA86AF300732D0C /* PBTestOneView.xib */ = {isa = PBXFileReference; fileEncoding = 4; lastKnownFileType = file.xib; path = PBTestOneView.xib; sourceTree = "<group>"; };
		B0110F0C1EA86B0500732D0C /* PBTestTwoController.swift */ = {isa = PBXFileReference; fileEncoding = 4; lastKnownFileType = sourcecode.swift; path = PBTestTwoController.swift; sourceTree = "<group>"; };
		B0110F0F1EA86B0500732D0C /* PBTestTwoView.swift */ = {isa = PBXFileReference; fileEncoding = 4; lastKnownFileType = sourcecode.swift; path = PBTestTwoView.swift; sourceTree = "<group>"; };
		B0A150881EA900AE003DC8C5 /* PBBridgingHeader.h */ = {isa = PBXFileReference; lastKnownFileType = sourcecode.c.h; path = PBBridgingHeader.h; sourceTree = "<group>"; };
/* End PBXFileReference section */

/* Begin PBXFrameworksBuildPhase section */
		B0110E051EA8696F00732D0C /* Frameworks */ = {
			isa = PBXFrameworksBuildPhase;
			buildActionMask = 2147483647;
			files = (
			);
			runOnlyForDeploymentPostprocessing = 0;
		};
		B0110E191EA8696F00732D0C /* Frameworks */ = {
			isa = PBXFrameworksBuildPhase;
			buildActionMask = 2147483647;
			files = (
			);
			runOnlyForDeploymentPostprocessing = 0;
		};
		B0110E241EA8696F00732D0C /* Frameworks */ = {
			isa = PBXFrameworksBuildPhase;
			buildActionMask = 2147483647;
			files = (
			);
			runOnlyForDeploymentPostprocessing = 0;
		};
/* End PBXFrameworksBuildPhase section */

/* Begin PBXGroup section */
		B0110DFF1EA8696F00732D0C = {
			isa = PBXGroup;
			children = (
				B0110E0A1EA8696F00732D0C /* PBSwift */,
				B0110E1F1EA8696F00732D0C /* PBSwiftTests */,
				B0110E2A1EA8696F00732D0C /* PBSwiftUITests */,
				B0110E091EA8696F00732D0C /* Products */,
			);
			sourceTree = "<group>";
		};
		B0110E091EA8696F00732D0C /* Products */ = {
			isa = PBXGroup;
			children = (
				B0110E081EA8696F00732D0C /* PBSwift.app */,
				B0110E1C1EA8696F00732D0C /* PBSwiftTests.xctest */,
				B0110E271EA8696F00732D0C /* PBSwiftUITests.xctest */,
			);
			name = Products;
			sourceTree = "<group>";
		};
		B0110E0A1EA8696F00732D0C /* PBSwift */ = {
			isa = PBXGroup;
			children = (
				B0110EF61EA86AF200732D0C /* 测试页面一 */,
				B0110F0A1EA86B0500732D0C /* 测试页面二 */,
				B0110E391EA86A4900732D0C /* 其他 */,
				B0110E171EA8696F00732D0C /* Info.plist */,
			);
			path = PBSwift;
			sourceTree = "<group>";
		};
		B0110E1F1EA8696F00732D0C /* PBSwiftTests */ = {
			isa = PBXGroup;
			children = (
				B0110E201EA8696F00732D0C /* PBSwiftTests.swift */,
				B0110E221EA8696F00732D0C /* Info.plist */,
			);
			path = PBSwiftTests;
			sourceTree = "<group>";
		};
		B0110E2A1EA8696F00732D0C /* PBSwiftUITests */ = {
			isa = PBXGroup;
			children = (
				B0110E2B1EA8696F00732D0C /* PBSwiftUITests.swift */,
				B0110E2D1EA8696F00732D0C /* Info.plist */,
			);
			path = PBSwiftUITests;
			sourceTree = "<group>";
		};
		B0110E391EA86A4900732D0C /* 其他 */ = {
			isa = PBXGroup;
			children = (
				B0110E3A1EA86A4900732D0C /* Lib */,
				B0110E3B1EA86A4900732D0C /* Main */,
				B0110E3D1EA86A4900732D0C /* Resource */,
			);
			path = "其他";
			sourceTree = "<group>";
		};
		B0110E3A1EA86A4900732D0C /* Lib */ = {
			isa = PBXGroup;
			children = (
				B0110E481EA86ACD00732D0C /* AFNetworking */,
				B0110E6F1EA86ACD00732D0C /* MJRefresh */,
				B0110E9C1EA86ACD00732D0C /* SDWebImage */,
				B0110EBE1EA86ACD00732D0C /* TTTAttributedLabel */,
			);
			path = Lib;
			sourceTree = "<group>";
		};
		B0110E3B1EA86A4900732D0C /* Main */ = {
			isa = PBXGroup;
			children = (
				B0110E3C1EA86A4900732D0C /* AppDelegate.swift */,
				B0110E461EA86AAC00732D0C /* PBTabBarController.swift */,
				B0A150881EA900AE003DC8C5 /* PBBridgingHeader.h */,
			);
			path = Main;
			sourceTree = "<group>";
		};
		B0110E3D1EA86A4900732D0C /* Resource */ = {
			isa = PBXGroup;
			children = (
				B0110E3E1EA86A4900732D0C /* Assets.xcassets */,
				B0110E3F1EA86A4900732D0C /* LaunchScreen.storyboard */,
			);
			path = Resource;
			sourceTree = "<group>";
		};
		B0110E481EA86ACD00732D0C /* AFNetworking */ = {
			isa = PBXGroup;
			children = (
				B0110E491EA86ACD00732D0C /* AFNetworking */,
				B0110E5D1EA86ACD00732D0C /* UIKit+AFNetworking */,
			);
			path = AFNetworking;
			sourceTree = "<group>";
		};
		B0110E491EA86ACD00732D0C /* AFNetworking */ = {
			isa = PBXGroup;
			children = (
				B0110E4A1EA86ACD00732D0C /* AFHTTPRequestOperation.h */,
				B0110E4B1EA86ACD00732D0C /* AFHTTPRequestOperation.m */,
				B0110E4C1EA86ACD00732D0C /* AFHTTPRequestOperationManager.h */,
				B0110E4D1EA86ACD00732D0C /* AFHTTPRequestOperationManager.m */,
				B0110E4E1EA86ACD00732D0C /* AFHTTPSessionManager.h */,
				B0110E4F1EA86ACD00732D0C /* AFHTTPSessionManager.m */,
				B0110E501EA86ACD00732D0C /* AFNetworking.h */,
				B0110E511EA86ACD00732D0C /* AFNetworkReachabilityManager.h */,
				B0110E521EA86ACD00732D0C /* AFNetworkReachabilityManager.m */,
				B0110E531EA86ACD00732D0C /* AFSecurityPolicy.h */,
				B0110E541EA86ACD00732D0C /* AFSecurityPolicy.m */,
				B0110E551EA86ACD00732D0C /* AFURLConnectionOperation.h */,
				B0110E561EA86ACD00732D0C /* AFURLConnectionOperation.m */,
				B0110E571EA86ACD00732D0C /* AFURLRequestSerialization.h */,
				B0110E581EA86ACD00732D0C /* AFURLRequestSerialization.m */,
				B0110E591EA86ACD00732D0C /* AFURLResponseSerialization.h */,
				B0110E5A1EA86ACD00732D0C /* AFURLResponseSerialization.m */,
				B0110E5B1EA86ACD00732D0C /* AFURLSessionManager.h */,
				B0110E5C1EA86ACD00732D0C /* AFURLSessionManager.m */,
			);
			path = AFNetworking;
			sourceTree = "<group>";
		};
		B0110E5D1EA86ACD00732D0C /* UIKit+AFNetworking */ = {
			isa = PBXGroup;
			children = (
				B0110E5E1EA86ACD00732D0C /* AFNetworkActivityIndicatorManager.h */,
				B0110E5F1EA86ACD00732D0C /* AFNetworkActivityIndicatorManager.m */,
				B0110E601EA86ACD00732D0C /* UIActivityIndicatorView+AFNetworking.h */,
				B0110E611EA86ACD00732D0C /* UIActivityIndicatorView+AFNetworking.m */,
				B0110E621EA86ACD00732D0C /* UIAlertView+AFNetworking.h */,
				B0110E631EA86ACD00732D0C /* UIAlertView+AFNetworking.m */,
				B0110E641EA86ACD00732D0C /* UIButton+AFNetworking.h */,
				B0110E651EA86ACD00732D0C /* UIButton+AFNetworking.m */,
				B0110E661EA86ACD00732D0C /* UIImageView+AFNetworking.h */,
				B0110E671EA86ACD00732D0C /* UIImageView+AFNetworking.m */,
				B0110E681EA86ACD00732D0C /* UIKit+AFNetworking.h */,
				B0110E691EA86ACD00732D0C /* UIProgressView+AFNetworking.h */,
				B0110E6A1EA86ACD00732D0C /* UIProgressView+AFNetworking.m */,
				B0110E6B1EA86ACD00732D0C /* UIRefreshControl+AFNetworking.h */,
				B0110E6C1EA86ACD00732D0C /* UIRefreshControl+AFNetworking.m */,
				B0110E6D1EA86ACD00732D0C /* UIWebView+AFNetworking.h */,
				B0110E6E1EA86ACD00732D0C /* UIWebView+AFNetworking.m */,
			);
			path = "UIKit+AFNetworking";
			sourceTree = "<group>";
		};
		B0110E6F1EA86ACD00732D0C /* MJRefresh */ = {
			isa = PBXGroup;
			children = (
				B0110E701EA86ACD00732D0C /* Base */,
				B0110E7B1EA86ACD00732D0C /* Custom */,
				B0110E921EA86ACD00732D0C /* MJRefresh.bundle */,
				B0110E931EA86ACD00732D0C /* MJRefresh.h */,
				B0110E941EA86ACD00732D0C /* MJRefreshConst.h */,
				B0110E951EA86ACD00732D0C /* MJRefreshConst.m */,
				B0110E961EA86ACD00732D0C /* UIScrollView+MJExtension.h */,
				B0110E971EA86ACD00732D0C /* UIScrollView+MJExtension.m */,
				B0110E981EA86ACD00732D0C /* UIScrollView+MJRefresh.h */,
				B0110E991EA86ACD00732D0C /* UIScrollView+MJRefresh.m */,
				B0110E9A1EA86ACD00732D0C /* UIView+MJExtension.h */,
				B0110E9B1EA86ACD00732D0C /* UIView+MJExtension.m */,
			);
			path = MJRefresh;
			sourceTree = "<group>";
		};
		B0110E701EA86ACD00732D0C /* Base */ = {
			isa = PBXGroup;
			children = (
				B0110E711EA86ACD00732D0C /* MJRefreshAutoFooter.h */,
				B0110E721EA86ACD00732D0C /* MJRefreshAutoFooter.m */,
				B0110E731EA86ACD00732D0C /* MJRefreshBackFooter.h */,
				B0110E741EA86ACD00732D0C /* MJRefreshBackFooter.m */,
				B0110E751EA86ACD00732D0C /* MJRefreshComponent.h */,
				B0110E761EA86ACD00732D0C /* MJRefreshComponent.m */,
				B0110E771EA86ACD00732D0C /* MJRefreshFooter.h */,
				B0110E781EA86ACD00732D0C /* MJRefreshFooter.m */,
				B0110E791EA86ACD00732D0C /* MJRefreshHeader.h */,
				B0110E7A1EA86ACD00732D0C /* MJRefreshHeader.m */,
			);
			path = Base;
			sourceTree = "<group>";
		};
		B0110E7B1EA86ACD00732D0C /* Custom */ = {
			isa = PBXGroup;
			children = (
				B0110E7C1EA86ACD00732D0C /* Footer */,
				B0110E8B1EA86ACD00732D0C /* Header */,
			);
			path = Custom;
			sourceTree = "<group>";
		};
		B0110E7C1EA86ACD00732D0C /* Footer */ = {
			isa = PBXGroup;
			children = (
				B0110E7D1EA86ACD00732D0C /* Auto */,
				B0110E841EA86ACD00732D0C /* Back */,
			);
			path = Footer;
			sourceTree = "<group>";
		};
		B0110E7D1EA86ACD00732D0C /* Auto */ = {
			isa = PBXGroup;
			children = (
				B0110E7E1EA86ACD00732D0C /* MJRefreshAutoGifFooter.h */,
				B0110E7F1EA86ACD00732D0C /* MJRefreshAutoGifFooter.m */,
				B0110E801EA86ACD00732D0C /* MJRefreshAutoNormalFooter.h */,
				B0110E811EA86ACD00732D0C /* MJRefreshAutoNormalFooter.m */,
				B0110E821EA86ACD00732D0C /* MJRefreshAutoStateFooter.h */,
				B0110E831EA86ACD00732D0C /* MJRefreshAutoStateFooter.m */,
			);
			path = Auto;
			sourceTree = "<group>";
		};
		B0110E841EA86ACD00732D0C /* Back */ = {
			isa = PBXGroup;
			children = (
				B0110E851EA86ACD00732D0C /* MJRefreshBackGifFooter.h */,
				B0110E861EA86ACD00732D0C /* MJRefreshBackGifFooter.m */,
				B0110E871EA86ACD00732D0C /* MJRefreshBackNormalFooter.h */,
				B0110E881EA86ACD00732D0C /* MJRefreshBackNormalFooter.m */,
				B0110E891EA86ACD00732D0C /* MJRefreshBackStateFooter.h */,
				B0110E8A1EA86ACD00732D0C /* MJRefreshBackStateFooter.m */,
			);
			path = Back;
			sourceTree = "<group>";
		};
		B0110E8B1EA86ACD00732D0C /* Header */ = {
			isa = PBXGroup;
			children = (
				B0110E8C1EA86ACD00732D0C /* MJRefreshGifHeader.h */,
				B0110E8D1EA86ACD00732D0C /* MJRefreshGifHeader.m */,
				B0110E8E1EA86ACD00732D0C /* MJRefreshNormalHeader.h */,
				B0110E8F1EA86ACD00732D0C /* MJRefreshNormalHeader.m */,
				B0110E901EA86ACD00732D0C /* MJRefreshStateHeader.h */,
				B0110E911EA86ACD00732D0C /* MJRefreshStateHeader.m */,
			);
			path = Header;
			sourceTree = "<group>";
		};
		B0110E9C1EA86ACD00732D0C /* SDWebImage */ = {
			isa = PBXGroup;
			children = (
				B0110E9D1EA86ACD00732D0C /* MKAnnotationView+WebCache.h */,
				B0110E9E1EA86ACD00732D0C /* MKAnnotationView+WebCache.m */,
				B0110E9F1EA86ACD00732D0C /* NSData+ImageContentType.h */,
				B0110EA01EA86ACD00732D0C /* NSData+ImageContentType.m */,
				B0110EA11EA86ACD00732D0C /* SDImageCache.h */,
				B0110EA21EA86ACD00732D0C /* SDImageCache.m */,
				B0110EA31EA86ACD00732D0C /* SDWebImageCompat.h */,
				B0110EA41EA86ACD00732D0C /* SDWebImageCompat.m */,
				B0110EA51EA86ACD00732D0C /* SDWebImageDecoder.h */,
				B0110EA61EA86ACD00732D0C /* SDWebImageDecoder.m */,
				B0110EA71EA86ACD00732D0C /* SDWebImageDownloader.h */,
				B0110EA81EA86ACD00732D0C /* SDWebImageDownloader.m */,
				B0110EA91EA86ACD00732D0C /* SDWebImageDownloaderOperation.h */,
				B0110EAA1EA86ACD00732D0C /* SDWebImageDownloaderOperation.m */,
				B0110EAB1EA86ACD00732D0C /* SDWebImageManager.h */,
				B0110EAC1EA86ACD00732D0C /* SDWebImageManager.m */,
				B0110EAD1EA86ACD00732D0C /* SDWebImageOperation.h */,
				B0110EAE1EA86ACD00732D0C /* SDWebImagePrefetcher.h */,
				B0110EAF1EA86ACD00732D0C /* SDWebImagePrefetcher.m */,
				B0110EB01EA86ACD00732D0C /* UIButton+WebCache.h */,
				B0110EB11EA86ACD00732D0C /* UIButton+WebCache.m */,
				B0110EB21EA86ACD00732D0C /* UIImage+GIF.h */,
				B0110EB31EA86ACD00732D0C /* UIImage+GIF.m */,
				B0110EB41EA86ACD00732D0C /* UIImage+MultiFormat.h */,
				B0110EB51EA86ACD00732D0C /* UIImage+MultiFormat.m */,
				B0110EB61EA86ACD00732D0C /* UIImage+WebP.h */,
				B0110EB71EA86ACD00732D0C /* UIImage+WebP.m */,
				B0110EB81EA86ACD00732D0C /* UIImageView+HighlightedWebCache.h */,
				B0110EB91EA86ACD00732D0C /* UIImageView+HighlightedWebCache.m */,
				B0110EBA1EA86ACD00732D0C /* UIImageView+WebCache.h */,
				B0110EBB1EA86ACD00732D0C /* UIImageView+WebCache.m */,
				B0110EBC1EA86ACD00732D0C /* UIView+WebCacheOperation.h */,
				B0110EBD1EA86ACD00732D0C /* UIView+WebCacheOperation.m */,
			);
			path = SDWebImage;
			sourceTree = "<group>";
		};
		B0110EBE1EA86ACD00732D0C /* TTTAttributedLabel */ = {
			isa = PBXGroup;
			children = (
				B0110EBF1EA86ACD00732D0C /* TTTAttributedLabel.h */,
				B0110EC01EA86ACD00732D0C /* TTTAttributedLabel.m */,
			);
			path = TTTAttributedLabel;
			sourceTree = "<group>";
		};
		B0110EF61EA86AF200732D0C /* 测试页面一 */ = {
			isa = PBXGroup;
			children = (
				B0110EF71EA86AF200732D0C /* Controllers */,
				B0110EF91EA86AF300732D0C /* Models */,
				B0110EFE1EA86AF300732D0C /* Views */,
			);
			path = "测试页面一";
			sourceTree = "<group>";
		};
		B0110EF71EA86AF200732D0C /* Controllers */ = {
			isa = PBXGroup;
			children = (
				B0110EF81EA86AF200732D0C /* PBTestOneController.swift */,
			);
			path = Controllers;
			sourceTree = "<group>";
		};
		B0110EF91EA86AF300732D0C /* Models */ = {
			isa = PBXGroup;
			children = (
				B0110EFA1EA86AF300732D0C /* PBTestOne.swift */,
				B0110EFB1EA86AF300732D0C /* PBTestOneData.swift */,
				B0110EFC1EA86AF300732D0C /* PBTestOneDataArtistList.swift */,
				B0110EFD1EA86AF300732D0C /* PBTestOneDataDynamic.swift */,
			);
			path = Models;
			sourceTree = "<group>";
		};
		B0110EFE1EA86AF300732D0C /* Views */ = {
			isa = PBXGroup;
			children = (
				B0110EFF1EA86AF300732D0C /* PBTestOneCell.swift */,
				B0110F001EA86AF300732D0C /* PBTestOneView.swift */,
				B0110F011EA86AF300732D0C /* PBTestOneView.xib */,
			);
			path = Views;
			sourceTree = "<group>";
		};
		B0110F0A1EA86B0500732D0C /* 测试页面二 */ = {
			isa = PBXGroup;
			children = (
				B0FC69821FD4EF3D00EBEF64 /* Models */,
				B0110F0B1EA86B0500732D0C /* Controllers */,
				B0110F0E1EA86B0500732D0C /* Views */,
			);
			path = "测试页面二";
			sourceTree = "<group>";
		};
		B0110F0B1EA86B0500732D0C /* Controllers */ = {
			isa = PBXGroup;
			children = (
				B0110F0C1EA86B0500732D0C /* PBTestTwoController.swift */,
			);
			path = Controllers;
			sourceTree = "<group>";
		};
		B0110F0E1EA86B0500732D0C /* Views */ = {
			isa = PBXGroup;
			children = (
				B0110F0F1EA86B0500732D0C /* PBTestTwoView.swift */,
			);
			path = Views;
			sourceTree = "<group>";
		};
		B0FC69821FD4EF3D00EBEF64 /* Models */ = {
			isa = PBXGroup;
			children = (
			);
			path = Models;
			sourceTree = "<group>";
		};
/* End PBXGroup section */

/* Begin PBXNativeTarget section */
		B0110E071EA8696F00732D0C /* PBSwift */ = {
			isa = PBXNativeTarget;
			buildConfigurationList = B0110E301EA8696F00732D0C /* Build configuration list for PBXNativeTarget "PBSwift" */;
			buildPhases = (
				B0110E041EA8696F00732D0C /* Sources */,
				B0110E051EA8696F00732D0C /* Frameworks */,
				B0110E061EA8696F00732D0C /* Resources */,
			);
			buildRules = (
			);
			dependencies = (
			);
			name = PBSwift;
			productName = PBSwift;
			productReference = B0110E081EA8696F00732D0C /* PBSwift.app */;
			productType = "com.apple.product-type.application";
		};
		B0110E1B1EA8696F00732D0C /* PBSwiftTests */ = {
			isa = PBXNativeTarget;
			buildConfigurationList = B0110E331EA8696F00732D0C /* Build configuration list for PBXNativeTarget "PBSwiftTests" */;
			buildPhases = (
				B0110E181EA8696F00732D0C /* Sources */,
				B0110E191EA8696F00732D0C /* Frameworks */,
				B0110E1A1EA8696F00732D0C /* Resources */,
			);
			buildRules = (
			);
			dependencies = (
				B0110E1E1EA8696F00732D0C /* PBXTargetDependency */,
			);
			name = PBSwiftTests;
			productName = PBSwiftTests;
			productReference = B0110E1C1EA8696F00732D0C /* PBSwiftTests.xctest */;
			productType = "com.apple.product-type.bundle.unit-test";
		};
		B0110E261EA8696F00732D0C /* PBSwiftUITests */ = {
			isa = PBXNativeTarget;
			buildConfigurationList = B0110E361EA8696F00732D0C /* Build configuration list for PBXNativeTarget "PBSwiftUITests" */;
			buildPhases = (
				B0110E231EA8696F00732D0C /* Sources */,
				B0110E241EA8696F00732D0C /* Frameworks */,
				B0110E251EA8696F00732D0C /* Resources */,
			);
			buildRules = (
			);
			dependencies = (
				B0110E291EA8696F00732D0C /* PBXTargetDependency */,
			);
			name = PBSwiftUITests;
			productName = PBSwiftUITests;
			productReference = B0110E271EA8696F00732D0C /* PBSwiftUITests.xctest */;
			productType = "com.apple.product-type.bundle.ui-testing";
		};
/* End PBXNativeTarget section */

/* Begin PBXProject section */
		B0110E001EA8696F00732D0C /* Project object */ = {
			isa = PBXProject;
			attributes = {
				LastSwiftUpdateCheck = 0820;
				LastUpgradeCheck = 0910;
				ORGANIZATIONNAME = DaMaiIOS;
				TargetAttributes = {
					B0110E071EA8696F00732D0C = {
						CreatedOnToolsVersion = 8.2.1;
						DevelopmentTeam = FFJNMLHK32;
						LastSwiftMigration = 0910;
						ProvisioningStyle = Automatic;
					};
					B0110E1B1EA8696F00732D0C = {
						CreatedOnToolsVersion = 8.2.1;
						LastSwiftMigration = 0910;
						ProvisioningStyle = Automatic;
						TestTargetID = B0110E071EA8696F00732D0C;
					};
					B0110E261EA8696F00732D0C = {
						CreatedOnToolsVersion = 8.2.1;
						LastSwiftMigration = 0910;
						ProvisioningStyle = Automatic;
						TestTargetID = B0110E071EA8696F00732D0C;
					};
				};
			};
			buildConfigurationList = B0110E031EA8696F00732D0C /* Build configuration list for PBXProject "PBSwift" */;
			compatibilityVersion = "Xcode 3.2";
			developmentRegion = English;
			hasScannedForEncodings = 0;
			knownRegions = (
				en,
				Base,
			);
			mainGroup = B0110DFF1EA8696F00732D0C;
			productRefGroup = B0110E091EA8696F00732D0C /* Products */;
			projectDirPath = "";
			projectRoot = "";
			targets = (
				B0110E071EA8696F00732D0C /* PBSwift */,
				B0110E1B1EA8696F00732D0C /* PBSwiftTests */,
				B0110E261EA8696F00732D0C /* PBSwiftUITests */,
			);
		};
/* End PBXProject section */

/* Begin PBXResourcesBuildPhase section */
		B0110E061EA8696F00732D0C /* Resources */ = {
			isa = PBXResourcesBuildPhase;
			buildActionMask = 2147483647;
			files = (
				B0110E421EA86A4900732D0C /* Assets.xcassets in Resources */,
				B0110F091EA86AF300732D0C /* PBTestOneView.xib in Resources */,
				B0110E431EA86A4900732D0C /* LaunchScreen.storyboard in Resources */,
				B0110EE01EA86ACD00732D0C /* MJRefresh.bundle in Resources */,
			);
			runOnlyForDeploymentPostprocessing = 0;
		};
		B0110E1A1EA8696F00732D0C /* Resources */ = {
			isa = PBXResourcesBuildPhase;
			buildActionMask = 2147483647;
			files = (
			);
			runOnlyForDeploymentPostprocessing = 0;
		};
		B0110E251EA8696F00732D0C /* Resources */ = {
			isa = PBXResourcesBuildPhase;
			buildActionMask = 2147483647;
			files = (
			);
			runOnlyForDeploymentPostprocessing = 0;
		};
/* End PBXResourcesBuildPhase section */

/* Begin PBXSourcesBuildPhase section */
		B0110E041EA8696F00732D0C /* Sources */ = {
			isa = PBXSourcesBuildPhase;
			buildActionMask = 2147483647;
			files = (
				B0110F061EA86AF300732D0C /* PBTestOneDataDynamic.swift in Sources */,
				B0110EF21EA86ACD00732D0C /* UIImageView+HighlightedWebCache.m in Sources */,
				B0110ED31EA86ACD00732D0C /* MJRefreshBackFooter.m in Sources */,
				B0110ED51EA86ACD00732D0C /* MJRefreshFooter.m in Sources */,
				B0110EC71EA86ACD00732D0C /* AFURLRequestSerialization.m in Sources */,
				B0110EC61EA86ACD00732D0C /* AFURLConnectionOperation.m in Sources */,
				B0110EE11EA86ACD00732D0C /* MJRefreshConst.m in Sources */,
				B0110ECC1EA86ACD00732D0C /* UIAlertView+AFNetworking.m in Sources */,
				B0110EC51EA86ACD00732D0C /* AFSecurityPolicy.m in Sources */,
				B0110EDD1EA86ACD00732D0C /* MJRefreshGifHeader.m in Sources */,
				B0110EC11EA86ACD00732D0C /* AFHTTPRequestOperation.m in Sources */,
				B0110EE21EA86ACD00732D0C /* UIScrollView+MJExtension.m in Sources */,
				B0110EDA1EA86ACD00732D0C /* MJRefreshBackGifFooter.m in Sources */,
				B0110ED71EA86ACD00732D0C /* MJRefreshAutoGifFooter.m in Sources */,
				B0110EEC1EA86ACD00732D0C /* SDWebImageManager.m in Sources */,
				B0110EF31EA86ACD00732D0C /* UIImageView+WebCache.m in Sources */,
				B0110EDE1EA86ACD00732D0C /* MJRefreshNormalHeader.m in Sources */,
				B0110ED41EA86ACD00732D0C /* MJRefreshComponent.m in Sources */,
				B0110F041EA86AF300732D0C /* PBTestOneData.swift in Sources */,
				B0110EF51EA86ACD00732D0C /* TTTAttributedLabel.m in Sources */,
				B0110EC91EA86ACD00732D0C /* AFURLSessionManager.m in Sources */,
				B0110EE51EA86ACD00732D0C /* MKAnnotationView+WebCache.m in Sources */,
				B0110EE61EA86ACD00732D0C /* NSData+ImageContentType.m in Sources */,
				B0110EC81EA86ACD00732D0C /* AFURLResponseSerialization.m in Sources */,
				B0110F031EA86AF300732D0C /* PBTestOne.swift in Sources */,
				B0110EE41EA86ACD00732D0C /* UIView+MJExtension.m in Sources */,
				B0110E411EA86A4900732D0C /* AppDelegate.swift in Sources */,
				B0110ECF1EA86ACD00732D0C /* UIProgressView+AFNetworking.m in Sources */,
				B0110EC31EA86ACD00732D0C /* AFHTTPSessionManager.m in Sources */,
				B0110EEB1EA86ACD00732D0C /* SDWebImageDownloaderOperation.m in Sources */,
				B0110ED21EA86ACD00732D0C /* MJRefreshAutoFooter.m in Sources */,
				B0110ECA1EA86ACD00732D0C /* AFNetworkActivityIndicatorManager.m in Sources */,
				B0110EDB1EA86ACD00732D0C /* MJRefreshBackNormalFooter.m in Sources */,
				B0110EF11EA86ACD00732D0C /* UIImage+WebP.m in Sources */,
				B0110EEA1EA86ACD00732D0C /* SDWebImageDownloader.m in Sources */,
				B0110EC21EA86ACD00732D0C /* AFHTTPRequestOperationManager.m in Sources */,
				B0110ED91EA86ACD00732D0C /* MJRefreshAutoStateFooter.m in Sources */,
				B0110EDF1EA86ACD00732D0C /* MJRefreshStateHeader.m in Sources */,
				B0110EF01EA86ACD00732D0C /* UIImage+MultiFormat.m in Sources */,
				B0110EE91EA86ACD00732D0C /* SDWebImageDecoder.m in Sources */,
				B0110ECE1EA86ACD00732D0C /* UIImageView+AFNetworking.m in Sources */,
				B0110ECD1EA86ACD00732D0C /* UIButton+AFNetworking.m in Sources */,
				B0110ED81EA86ACD00732D0C /* MJRefreshAutoNormalFooter.m in Sources */,
				B0110ED01EA86ACD00732D0C /* UIRefreshControl+AFNetworking.m in Sources */,
				B0110F101EA86B0500732D0C /* PBTestTwoController.swift in Sources */,
				B0110EEE1EA86ACD00732D0C /* UIButton+WebCache.m in Sources */,
				B0110ED61EA86ACD00732D0C /* MJRefreshHeader.m in Sources */,
				B0110F051EA86AF300732D0C /* PBTestOneDataArtistList.swift in Sources */,
				B0110EED1EA86ACD00732D0C /* SDWebImagePrefetcher.m in Sources */,
				B0110EF41EA86ACD00732D0C /* UIView+WebCacheOperation.m in Sources */,
				B0110ED11EA86ACD00732D0C /* UIWebView+AFNetworking.m in Sources */,
				B0110F071EA86AF300732D0C /* PBTestOneCell.swift in Sources */,
				B0110EDC1EA86ACD00732D0C /* MJRefreshBackStateFooter.m in Sources */,
				B0110EE31EA86ACD00732D0C /* UIScrollView+MJRefresh.m in Sources */,
				B0110EEF1EA86ACD00732D0C /* UIImage+GIF.m in Sources */,
				B0110F021EA86AF300732D0C /* PBTestOneController.swift in Sources */,
				B0110F081EA86AF300732D0C /* PBTestOneView.swift in Sources */,
				B0110EC41EA86ACD00732D0C /* AFNetworkReachabilityManager.m in Sources */,
				B0110E471EA86AAC00732D0C /* PBTabBarController.swift in Sources */,
				B0110ECB1EA86ACD00732D0C /* UIActivityIndicatorView+AFNetworking.m in Sources */,
				B0110F111EA86B0500732D0C /* PBTestTwoView.swift in Sources */,
				B0110EE81EA86ACD00732D0C /* SDWebImageCompat.m in Sources */,
				B0110EE71EA86ACD00732D0C /* SDImageCache.m in Sources */,
			);
			runOnlyForDeploymentPostprocessing = 0;
		};
		B0110E181EA8696F00732D0C /* Sources */ = {
			isa = PBXSourcesBuildPhase;
			buildActionMask = 2147483647;
			files = (
				B0110E211EA8696F00732D0C /* PBSwiftTests.swift in Sources */,
			);
			runOnlyForDeploymentPostprocessing = 0;
		};
		B0110E231EA8696F00732D0C /* Sources */ = {
			isa = PBXSourcesBuildPhase;
			buildActionMask = 2147483647;
			files = (
				B0110E2C1EA8696F00732D0C /* PBSwiftUITests.swift in Sources */,
			);
			runOnlyForDeploymentPostprocessing = 0;
		};
/* End PBXSourcesBuildPhase section */

/* Begin PBXTargetDependency section */
		B0110E1E1EA8696F00732D0C /* PBXTargetDependency */ = {
			isa = PBXTargetDependency;
			target = B0110E071EA8696F00732D0C /* PBSwift */;
			targetProxy = B0110E1D1EA8696F00732D0C /* PBXContainerItemProxy */;
		};
		B0110E291EA8696F00732D0C /* PBXTargetDependency */ = {
			isa = PBXTargetDependency;
			target = B0110E071EA8696F00732D0C /* PBSwift */;
			targetProxy = B0110E281EA8696F00732D0C /* PBXContainerItemProxy */;
		};
/* End PBXTargetDependency section */

/* Begin XCBuildConfiguration section */
		B0110E2E1EA8696F00732D0C /* Debug */ = {
			isa = XCBuildConfiguration;
			buildSettings = {
				ALWAYS_SEARCH_USER_PATHS = NO;
				CLANG_ANALYZER_NONNULL = YES;
				CLANG_CXX_LANGUAGE_STANDARD = "gnu++0x";
				CLANG_CXX_LIBRARY = "libc++";
				CLANG_ENABLE_MODULES = YES;
				CLANG_ENABLE_OBJC_ARC = YES;
				CLANG_WARN_BLOCK_CAPTURE_AUTORELEASING = YES;
				CLANG_WARN_BOOL_CONVERSION = YES;
				CLANG_WARN_COMMA = YES;
				CLANG_WARN_CONSTANT_CONVERSION = YES;
				CLANG_WARN_DIRECT_OBJC_ISA_USAGE = YES_ERROR;
				CLANG_WARN_DOCUMENTATION_COMMENTS = YES;
				CLANG_WARN_EMPTY_BODY = YES;
				CLANG_WARN_ENUM_CONVERSION = YES;
				CLANG_WARN_INFINITE_RECURSION = YES;
				CLANG_WARN_INT_CONVERSION = YES;
				CLANG_WARN_NON_LITERAL_NULL_CONVERSION = YES;
				CLANG_WARN_OBJC_LITERAL_CONVERSION = YES;
				CLANG_WARN_OBJC_ROOT_CLASS = YES_ERROR;
				CLANG_WARN_RANGE_LOOP_ANALYSIS = YES;
				CLANG_WARN_STRICT_PROTOTYPES = YES;
				CLANG_WARN_SUSPICIOUS_MOVE = YES;
				CLANG_WARN_UNREACHABLE_CODE = YES;
				CLANG_WARN__DUPLICATE_METHOD_MATCH = YES;
				"CODE_SIGN_IDENTITY[sdk=iphoneos*]" = "iPhone Developer";
				COPY_PHASE_STRIP = NO;
				DEBUG_INFORMATION_FORMAT = dwarf;
				ENABLE_STRICT_OBJC_MSGSEND = YES;
				ENABLE_TESTABILITY = YES;
				GCC_C_LANGUAGE_STANDARD = gnu99;
				GCC_DYNAMIC_NO_PIC = NO;
				GCC_NO_COMMON_BLOCKS = YES;
				GCC_OPTIMIZATION_LEVEL = 0;
				GCC_PREPROCESSOR_DEFINITIONS = (
					"DEBUG=1",
					"$(inherited)",
				);
				GCC_WARN_64_TO_32_BIT_CONVERSION = YES;
				GCC_WARN_ABOUT_RETURN_TYPE = YES_ERROR;
				GCC_WARN_UNDECLARED_SELECTOR = YES;
				GCC_WARN_UNINITIALIZED_AUTOS = YES_AGGRESSIVE;
				GCC_WARN_UNUSED_FUNCTION = YES;
				GCC_WARN_UNUSED_VARIABLE = YES;
				IPHONEOS_DEPLOYMENT_TARGET = 10.2;
				MTL_ENABLE_DEBUG_INFO = YES;
				ONLY_ACTIVE_ARCH = YES;
				SDKROOT = iphoneos;
				SWIFT_ACTIVE_COMPILATION_CONDITIONS = DEBUG;
				SWIFT_OPTIMIZATION_LEVEL = "-Onone";
				TARGETED_DEVICE_FAMILY = "1,2";
			};
			name = Debug;
		};
		B0110E2F1EA8696F00732D0C /* Release */ = {
			isa = XCBuildConfiguration;
			buildSettings = {
				ALWAYS_SEARCH_USER_PATHS = NO;
				CLANG_ANALYZER_NONNULL = YES;
				CLANG_CXX_LANGUAGE_STANDARD = "gnu++0x";
				CLANG_CXX_LIBRARY = "libc++";
				CLANG_ENABLE_MODULES = YES;
				CLANG_ENABLE_OBJC_ARC = YES;
				CLANG_WARN_BLOCK_CAPTURE_AUTORELEASING = YES;
				CLANG_WARN_BOOL_CONVERSION = YES;
				CLANG_WARN_COMMA = YES;
				CLANG_WARN_CONSTANT_CONVERSION = YES;
				CLANG_WARN_DIRECT_OBJC_ISA_USAGE = YES_ERROR;
				CLANG_WARN_DOCUMENTATION_COMMENTS = YES;
				CLANG_WARN_EMPTY_BODY = YES;
				CLANG_WARN_ENUM_CONVERSION = YES;
				CLANG_WARN_INFINITE_RECURSION = YES;
				CLANG_WARN_INT_CONVERSION = YES;
				CLANG_WARN_NON_LITERAL_NULL_CONVERSION = YES;
				CLANG_WARN_OBJC_LITERAL_CONVERSION = YES;
				CLANG_WARN_OBJC_ROOT_CLASS = YES_ERROR;
				CLANG_WARN_RANGE_LOOP_ANALYSIS = YES;
				CLANG_WARN_STRICT_PROTOTYPES = YES;
				CLANG_WARN_SUSPICIOUS_MOVE = YES;
				CLANG_WARN_UNREACHABLE_CODE = YES;
				CLANG_WARN__DUPLICATE_METHOD_MATCH = YES;
				"CODE_SIGN_IDENTITY[sdk=iphoneos*]" = "iPhone Developer";
				COPY_PHASE_STRIP = NO;
				DEBUG_INFORMATION_FORMAT = "dwarf-with-dsym";
				ENABLE_NS_ASSERTIONS = NO;
				ENABLE_STRICT_OBJC_MSGSEND = YES;
				GCC_C_LANGUAGE_STANDARD = gnu99;
				GCC_NO_COMMON_BLOCKS = YES;
				GCC_WARN_64_TO_32_BIT_CONVERSION = YES;
				GCC_WARN_ABOUT_RETURN_TYPE = YES_ERROR;
				GCC_WARN_UNDECLARED_SELECTOR = YES;
				GCC_WARN_UNINITIALIZED_AUTOS = YES_AGGRESSIVE;
				GCC_WARN_UNUSED_FUNCTION = YES;
				GCC_WARN_UNUSED_VARIABLE = YES;
				IPHONEOS_DEPLOYMENT_TARGET = 10.2;
				MTL_ENABLE_DEBUG_INFO = NO;
				SDKROOT = iphoneos;
				SWIFT_OPTIMIZATION_LEVEL = "-Owholemodule";
				TARGETED_DEVICE_FAMILY = "1,2";
				VALIDATE_PRODUCT = YES;
			};
			name = Release;
		};
		B0110E311EA8696F00732D0C /* Debug */ = {
			isa = XCBuildConfiguration;
			buildSettings = {
				ASSETCATALOG_COMPILER_APPICON_NAME = AppIcon;
				DEVELOPMENT_TEAM = FFJNMLHK32;
				INFOPLIST_FILE = PBSwift/Info.plist;
				LD_RUNPATH_SEARCH_PATHS = "$(inherited) @executable_path/Frameworks";
				PRODUCT_BUNDLE_IDENTIFIER = com.zsb.PBSwift;
				PRODUCT_NAME = "$(TARGET_NAME)";
				SWIFT_OBJC_BRIDGING_HEADER = "$(SRCROOT)/$(PROJECT)/其他/Main/PBBridgingHeader.h";
				SWIFT_SWIFT3_OBJC_INFERENCE = On;
				SWIFT_VERSION = 4.0;
			};
			name = Debug;
		};
		B0110E321EA8696F00732D0C /* Release */ = {
			isa = XCBuildConfiguration;
			buildSettings = {
				ASSETCATALOG_COMPILER_APPICON_NAME = AppIcon;
				DEVELOPMENT_TEAM = FFJNMLHK32;
				INFOPLIST_FILE = PBSwift/Info.plist;
				LD_RUNPATH_SEARCH_PATHS = "$(inherited) @executable_path/Frameworks";
				PRODUCT_BUNDLE_IDENTIFIER = com.zsb.PBSwift;
				PRODUCT_NAME = "$(TARGET_NAME)";
				SWIFT_OBJC_BRIDGING_HEADER = "$(SRCROOT)/$(PROJECT)/其他/Main/PBBridgingHeader.h";
				SWIFT_SWIFT3_OBJC_INFERENCE = On;
				SWIFT_VERSION = 4.0;
			};
			name = Release;
		};
		B0110E341EA8696F00732D0C /* Debug */ = {
			isa = XCBuildConfiguration;
			buildSettings = {
				ALWAYS_EMBED_SWIFT_STANDARD_LIBRARIES = YES;
				BUNDLE_LOADER = "$(TEST_HOST)";
				INFOPLIST_FILE = PBSwiftTests/Info.plist;
				LD_RUNPATH_SEARCH_PATHS = "$(inherited) @executable_path/Frameworks @loader_path/Frameworks";
				PRODUCT_BUNDLE_IDENTIFIER = com.zsb.PBSwiftTests;
				PRODUCT_NAME = "$(TARGET_NAME)";
				SWIFT_SWIFT3_OBJC_INFERENCE = On;
				SWIFT_VERSION = 4.0;
				TEST_HOST = "$(BUILT_PRODUCTS_DIR)/PBSwift.app/PBSwift";
			};
			name = Debug;
		};
		B0110E351EA8696F00732D0C /* Release */ = {
			isa = XCBuildConfiguration;
			buildSettings = {
				ALWAYS_EMBED_SWIFT_STANDARD_LIBRARIES = YES;
				BUNDLE_LOADER = "$(TEST_HOST)";
				INFOPLIST_FILE = PBSwiftTests/Info.plist;
				LD_RUNPATH_SEARCH_PATHS = "$(inherited) @executable_path/Frameworks @loader_path/Frameworks";
				PRODUCT_BUNDLE_IDENTIFIER = com.zsb.PBSwiftTests;
				PRODUCT_NAME = "$(TARGET_NAME)";
				SWIFT_SWIFT3_OBJC_INFERENCE = On;
				SWIFT_VERSION = 4.0;
				TEST_HOST = "$(BUILT_PRODUCTS_DIR)/PBSwift.app/PBSwift";
			};
			name = Release;
		};
		B0110E371EA8696F00732D0C /* Debug */ = {
			isa = XCBuildConfiguration;
			buildSettings = {
				ALWAYS_EMBED_SWIFT_STANDARD_LIBRARIES = YES;
				INFOPLIST_FILE = PBSwiftUITests/Info.plist;
				LD_RUNPATH_SEARCH_PATHS = "$(inherited) @executable_path/Frameworks @loader_path/Frameworks";
				PRODUCT_BUNDLE_IDENTIFIER = com.zsb.PBSwiftUITests;
				PRODUCT_NAME = "$(TARGET_NAME)";
				SWIFT_SWIFT3_OBJC_INFERENCE = On;
				SWIFT_VERSION = 4.0;
				TEST_TARGET_NAME = PBSwift;
			};
			name = Debug;
		};
		B0110E381EA8696F00732D0C /* Release */ = {
			isa = XCBuildConfiguration;
			buildSettings = {
				ALWAYS_EMBED_SWIFT_STANDARD_LIBRARIES = YES;
				INFOPLIST_FILE = PBSwiftUITests/Info.plist;
				LD_RUNPATH_SEARCH_PATHS = "$(inherited) @executable_path/Frameworks @loader_path/Frameworks";
				PRODUCT_BUNDLE_IDENTIFIER = com.zsb.PBSwiftUITests;
				PRODUCT_NAME = "$(TARGET_NAME)";
				SWIFT_SWIFT3_OBJC_INFERENCE = On;
				SWIFT_VERSION = 4.0;
				TEST_TARGET_NAME = PBSwift;
			};
			name = Release;
		};
/* End XCBuildConfiguration section */

/* Begin XCConfigurationList section */
		B0110E031EA8696F00732D0C /* Build configuration list for PBXProject "PBSwift" */ = {
			isa = XCConfigurationList;
			buildConfigurations = (
				B0110E2E1EA8696F00732D0C /* Debug */,
				B0110E2F1EA8696F00732D0C /* Release */,
			);
			defaultConfigurationIsVisible = 0;
			defaultConfigurationName = Release;
		};
		B0110E301EA8696F00732D0C /* Build configuration list for PBXNativeTarget "PBSwift" */ = {
			isa = XCConfigurationList;
			buildConfigurations = (
				B0110E311EA8696F00732D0C /* Debug */,
				B0110E321EA8696F00732D0C /* Release */,
			);
			defaultConfigurationIsVisible = 0;
			defaultConfigurationName = Release;
		};
		B0110E331EA8696F00732D0C /* Build configuration list for PBXNativeTarget "PBSwiftTests" */ = {
			isa = XCConfigurationList;
			buildConfigurations = (
				B0110E341EA8696F00732D0C /* Debug */,
				B0110E351EA8696F00732D0C /* Release */,
			);
			defaultConfigurationIsVisible = 0;
			defaultConfigurationName = Release;
		};
		B0110E361EA8696F00732D0C /* Build configuration list for PBXNativeTarget "PBSwiftUITests" */ = {
			isa = XCConfigurationList;
			buildConfigurations = (
				B0110E371EA8696F00732D0C /* Debug */,
				B0110E381EA8696F00732D0C /* Release */,
			);
			defaultConfigurationIsVisible = 0;
			defaultConfigurationName = Release;
		};
/* End XCConfigurationList section */
	};
	rootObject = B0110E001EA8696F00732D0C /* Project object */;
}
