// !$*UTF8*$!
{
	archiveVersion = 1;
	classes = {
	};
	objectVersion = 46;
	objects = {

/* Begin PBXBuildFile section */
		95D34AA4267345AD0007A67D /* PBTestOneData.swift in Sources */ = {isa = PBXBuildFile; fileRef = 95D34A9B267345AD0007A67D /* PBTestOneData.swift */; };
		95D34AA5267345AD0007A67D /* PBTestOne.swift in Sources */ = {isa = PBXBuildFile; fileRef = 95D34A9C267345AD0007A67D /* PBTestOne.swift */; };
		95D34AA6267345AD0007A67D /* PBTestOneExt.swift in Sources */ = {isa = PBXBuildFile; fileRef = 95D34A9D267345AD0007A67D /* PBTestOneExt.swift */; };
		95D34AA7267345AD0007A67D /* PBTestOneController.swift in Sources */ = {isa = PBXBuildFile; fileRef = 95D34A9F267345AD0007A67D /* PBTestOneController.swift */; };
		95D34AA8267345AD0007A67D /* PBTestOneCell.swift in Sources */ = {isa = PBXBuildFile; fileRef = 95D34AA1267345AD0007A67D /* PBTestOneCell.swift */; };
		95D34AA9267345AD0007A67D /* PBTestOneView.xib in Resources */ = {isa = PBXBuildFile; fileRef = 95D34AA2267345AD0007A67D /* PBTestOneView.xib */; };
		95D34AAA267345AD0007A67D /* PBTestOneView.swift in Sources */ = {isa = PBXBuildFile; fileRef = 95D34AA3267345AD0007A67D /* PBTestOneView.swift */; };
		95D34AAE267345C90007A67D /* PBTestTwoController.swift in Sources */ = {isa = PBXBuildFile; fileRef = 95D34AAD267345C90007A67D /* PBTestTwoController.swift */; };
		95D34B372673464B0007A67D /* UIScrollView+MJRefresh.m in Sources */ = {isa = PBXBuildFile; fileRef = 95D34AB52673464B0007A67D /* UIScrollView+MJRefresh.m */; };
		95D34B382673464B0007A67D /* MJRefreshConst.m in Sources */ = {isa = PBXBuildFile; fileRef = 95D34AB62673464B0007A67D /* MJRefreshConst.m */; };
		95D34B392673464B0007A67D /* MJRefresh.bundle in Resources */ = {isa = PBXBuildFile; fileRef = 95D34AB92673464B0007A67D /* MJRefresh.bundle */; };
		95D34B3A2673464B0007A67D /* UIScrollView+MJExtension.m in Sources */ = {isa = PBXBuildFile; fileRef = 95D34ABB2673464B0007A67D /* UIScrollView+MJExtension.m */; };
		95D34B3B2673464B0007A67D /* UIView+MJExtension.m in Sources */ = {isa = PBXBuildFile; fileRef = 95D34ABE2673464B0007A67D /* UIView+MJExtension.m */; };
		95D34B3C2673464B0007A67D /* MJRefreshBackGifFooter.m in Sources */ = {isa = PBXBuildFile; fileRef = 95D34AC52673464B0007A67D /* MJRefreshBackGifFooter.m */; };
		95D34B3D2673464B0007A67D /* MJRefreshBackStateFooter.m in Sources */ = {isa = PBXBuildFile; fileRef = 95D34AC62673464B0007A67D /* MJRefreshBackStateFooter.m */; };
		95D34B3E2673464B0007A67D /* MJRefreshBackNormalFooter.m in Sources */ = {isa = PBXBuildFile; fileRef = 95D34AC72673464B0007A67D /* MJRefreshBackNormalFooter.m */; };
		95D34B3F2673464B0007A67D /* MJRefreshAutoStateFooter.m in Sources */ = {isa = PBXBuildFile; fileRef = 95D34ACC2673464B0007A67D /* MJRefreshAutoStateFooter.m */; };
		95D34B402673464B0007A67D /* MJRefreshAutoGifFooter.m in Sources */ = {isa = PBXBuildFile; fileRef = 95D34ACD2673464B0007A67D /* MJRefreshAutoGifFooter.m */; };
		95D34B412673464B0007A67D /* MJRefreshAutoNormalFooter.m in Sources */ = {isa = PBXBuildFile; fileRef = 95D34ACE2673464B0007A67D /* MJRefreshAutoNormalFooter.m */; };
		95D34B422673464B0007A67D /* MJRefreshNormalHeader.m in Sources */ = {isa = PBXBuildFile; fileRef = 95D34AD02673464B0007A67D /* MJRefreshNormalHeader.m */; };
		95D34B432673464B0007A67D /* MJRefreshStateHeader.m in Sources */ = {isa = PBXBuildFile; fileRef = 95D34AD42673464B0007A67D /* MJRefreshStateHeader.m */; };
		95D34B442673464B0007A67D /* MJRefreshGifHeader.m in Sources */ = {isa = PBXBuildFile; fileRef = 95D34AD52673464B0007A67D /* MJRefreshGifHeader.m */; };
		95D34B452673464B0007A67D /* MJRefreshFooter.m in Sources */ = {isa = PBXBuildFile; fileRef = 95D34AD72673464B0007A67D /* MJRefreshFooter.m */; };
		95D34B462673464B0007A67D /* MJRefreshHeader.m in Sources */ = {isa = PBXBuildFile; fileRef = 95D34AD92673464B0007A67D /* MJRefreshHeader.m */; };
		95D34B472673464B0007A67D /* MJRefreshBackFooter.m in Sources */ = {isa = PBXBuildFile; fileRef = 95D34ADB2673464B0007A67D /* MJRefreshBackFooter.m */; };
		95D34B482673464B0007A67D /* MJRefreshAutoFooter.m in Sources */ = {isa = PBXBuildFile; fileRef = 95D34ADC2673464B0007A67D /* MJRefreshAutoFooter.m */; };
		95D34B492673464B0007A67D /* MJRefreshComponent.m in Sources */ = {isa = PBXBuildFile; fileRef = 95D34ADE2673464B0007A67D /* MJRefreshComponent.m */; };
		95D34B4A2673464B0007A67D /* PBCommonUIParams.m in Sources */ = {isa = PBXBuildFile; fileRef = 95D34AE32673464B0007A67D /* PBCommonUIParams.m */; };
		95D34B4B2673464B0007A67D /* UIAlertView+AFNetworking.m in Sources */ = {isa = PBXBuildFile; fileRef = 95D34AE62673464B0007A67D /* UIAlertView+AFNetworking.m */; };
		95D34B4C2673464B0007A67D /* UIProgressView+AFNetworking.m in Sources */ = {isa = PBXBuildFile; fileRef = 95D34AE72673464B0007A67D /* UIProgressView+AFNetworking.m */; };
		95D34B4D2673464B0007A67D /* UIRefreshControl+AFNetworking.m in Sources */ = {isa = PBXBuildFile; fileRef = 95D34AE92673464B0007A67D /* UIRefreshControl+AFNetworking.m */; };
		95D34B4E2673464B0007A67D /* AFNetworkActivityIndicatorManager.m in Sources */ = {isa = PBXBuildFile; fileRef = 95D34AEB2673464B0007A67D /* AFNetworkActivityIndicatorManager.m */; };
		95D34B4F2673464B0007A67D /* UIImageView+AFNetworking.m in Sources */ = {isa = PBXBuildFile; fileRef = 95D34AF02673464B0007A67D /* UIImageView+AFNetworking.m */; };
		95D34B502673464B0007A67D /* UIButton+AFNetworking.m in Sources */ = {isa = PBXBuildFile; fileRef = 95D34AF32673464B0007A67D /* UIButton+AFNetworking.m */; };
		95D34B512673464B0007A67D /* UIActivityIndicatorView+AFNetworking.m in Sources */ = {isa = PBXBuildFile; fileRef = 95D34AF42673464B0007A67D /* UIActivityIndicatorView+AFNetworking.m */; };
		95D34B522673464B0007A67D /* UIWebView+AFNetworking.m in Sources */ = {isa = PBXBuildFile; fileRef = 95D34AF52673464B0007A67D /* UIWebView+AFNetworking.m */; };
		95D34B532673464B0007A67D /* AFURLResponseSerialization.m in Sources */ = {isa = PBXBuildFile; fileRef = 95D34AFF2673464B0007A67D /* AFURLResponseSerialization.m */; };
		95D34B542673464B0007A67D /* AFHTTPSessionManager.m in Sources */ = {isa = PBXBuildFile; fileRef = 95D34B002673464B0007A67D /* AFHTTPSessionManager.m */; };
		95D34B552673464B0007A67D /* AFURLConnectionOperation.m in Sources */ = {isa = PBXBuildFile; fileRef = 95D34B012673464B0007A67D /* AFURLConnectionOperation.m */; };
		95D34B562673464B0007A67D /* AFURLSessionManager.m in Sources */ = {isa = PBXBuildFile; fileRef = 95D34B032673464B0007A67D /* AFURLSessionManager.m */; };
		95D34B572673464B0007A67D /* AFHTTPRequestOperationManager.m in Sources */ = {isa = PBXBuildFile; fileRef = 95D34B042673464B0007A67D /* AFHTTPRequestOperationManager.m */; };
		95D34B582673464B0007A67D /* AFURLRequestSerialization.m in Sources */ = {isa = PBXBuildFile; fileRef = 95D34B052673464B0007A67D /* AFURLRequestSerialization.m */; };
		95D34B592673464B0007A67D /* AFHTTPRequestOperation.m in Sources */ = {isa = PBXBuildFile; fileRef = 95D34B062673464B0007A67D /* AFHTTPRequestOperation.m */; };
		95D34B5A2673464B0007A67D /* AFNetworkReachabilityManager.m in Sources */ = {isa = PBXBuildFile; fileRef = 95D34B082673464B0007A67D /* AFNetworkReachabilityManager.m */; };
		95D34B5B2673464B0007A67D /* AFSecurityPolicy.m in Sources */ = {isa = PBXBuildFile; fileRef = 95D34B092673464B0007A67D /* AFSecurityPolicy.m */; };
		95D34B5C2673464B0007A67D /* UIImage+WebP.m in Sources */ = {isa = PBXBuildFile; fileRef = 95D34B0C2673464B0007A67D /* UIImage+WebP.m */; };
		95D34B5D2673464B0007A67D /* MKAnnotationView+WebCache.m in Sources */ = {isa = PBXBuildFile; fileRef = 95D34B0D2673464B0007A67D /* MKAnnotationView+WebCache.m */; };
		95D34B5E2673464B0007A67D /* SDWebImageManager.m in Sources */ = {isa = PBXBuildFile; fileRef = 95D34B102673464B0007A67D /* SDWebImageManager.m */; };
		95D34B5F2673464B0007A67D /* SDWebImageDecoder.m in Sources */ = {isa = PBXBuildFile; fileRef = 95D34B112673464B0007A67D /* SDWebImageDecoder.m */; };
		95D34B602673464B0007A67D /* UIImageView+HighlightedWebCache.m in Sources */ = {isa = PBXBuildFile; fileRef = 95D34B132673464B0007A67D /* UIImageView+HighlightedWebCache.m */; };
		95D34B612673464B0007A67D /* SDWebImageDownloader.m in Sources */ = {isa = PBXBuildFile; fileRef = 95D34B152673464B0007A67D /* SDWebImageDownloader.m */; };
		95D34B622673464B0007A67D /* UIImage+GIF.m in Sources */ = {isa = PBXBuildFile; fileRef = 95D34B162673464B0007A67D /* UIImage+GIF.m */; };
		95D34B632673464B0007A67D /* UIImage+MultiFormat.m in Sources */ = {isa = PBXBuildFile; fileRef = 95D34B182673464B0007A67D /* UIImage+MultiFormat.m */; };
		95D34B642673464B0007A67D /* SDWebImageCompat.m in Sources */ = {isa = PBXBuildFile; fileRef = 95D34B192673464B0007A67D /* SDWebImageCompat.m */; };
		95D34B652673464B0007A67D /* SDWebImagePrefetcher.m in Sources */ = {isa = PBXBuildFile; fileRef = 95D34B1A2673464B0007A67D /* SDWebImagePrefetcher.m */; };
		95D34B662673464B0007A67D /* SDImageCache.m in Sources */ = {isa = PBXBuildFile; fileRef = 95D34B1E2673464B0007A67D /* SDImageCache.m */; };
		95D34B672673464B0007A67D /* SDWebImageDownloaderOperation.m in Sources */ = {isa = PBXBuildFile; fileRef = 95D34B202673464B0007A67D /* SDWebImageDownloaderOperation.m */; };
		95D34B682673464B0007A67D /* NSData+ImageContentType.m in Sources */ = {isa = PBXBuildFile; fileRef = 95D34B232673464B0007A67D /* NSData+ImageContentType.m */; };
		95D34B692673464B0007A67D /* UIImageView+WebCache.m in Sources */ = {isa = PBXBuildFile; fileRef = 95D34B242673464B0007A67D /* UIImageView+WebCache.m */; };
		95D34B6A2673464B0007A67D /* UIView+WebCacheOperation.m in Sources */ = {isa = PBXBuildFile; fileRef = 95D34B272673464B0007A67D /* UIView+WebCacheOperation.m */; };
		95D34B6B2673464B0007A67D /* UIButton+WebCache.m in Sources */ = {isa = PBXBuildFile; fileRef = 95D34B2B2673464B0007A67D /* UIButton+WebCache.m */; };
		95D34B6C2673464B0007A67D /* TTTAttributedLabel.m in Sources */ = {isa = PBXBuildFile; fileRef = 95D34B2F2673464B0007A67D /* TTTAttributedLabel.m */; };
		95D34B6D2673464B0007A67D /* LaunchScreen.storyboard in Resources */ = {isa = PBXBuildFile; fileRef = 95D34B312673464B0007A67D /* LaunchScreen.storyboard */; };
		95D34B6E2673464B0007A67D /* Assets.xcassets in Resources */ = {isa = PBXBuildFile; fileRef = 95D34B322673464B0007A67D /* Assets.xcassets */; };
		95D34B6F2673464B0007A67D /* PBTabBarController.swift in Sources */ = {isa = PBXBuildFile; fileRef = 95D34B352673464B0007A67D /* PBTabBarController.swift */; };
		95D34B702673464B0007A67D /* AppDelegate.swift in Sources */ = {isa = PBXBuildFile; fileRef = 95D34B362673464B0007A67D /* AppDelegate.swift */; };
/* End PBXBuildFile section */

/* Begin PBXContainerItemProxy section */
		B0110E1D1EA8696F00732D0C /* PBXContainerItemProxy */ = {
			isa = PBXContainerItemProxy;
			containerPortal = B0110E001EA8696F00732D0C /* Project object */;
			proxyType = 1;
			remoteGlobalIDString = B0110E071EA8696F00732D0C;
			remoteInfo = PBSwift;
		};
		B0110E281EA8696F00732D0C /* PBXContainerItemProxy */ = {
			isa = PBXContainerItemProxy;
			containerPortal = B0110E001EA8696F00732D0C /* Project object */;
			proxyType = 1;
			remoteGlobalIDString = B0110E071EA8696F00732D0C;
			remoteInfo = PBSwift;
		};
/* End PBXContainerItemProxy section */

/* Begin PBXFileReference section */
		95D34A9B267345AD0007A67D /* PBTestOneData.swift */ = {isa = PBXFileReference; fileEncoding = 4; lastKnownFileType = sourcecode.swift; path = PBTestOneData.swift; sourceTree = "<group>"; };
		95D34A9C267345AD0007A67D /* PBTestOne.swift */ = {isa = PBXFileReference; fileEncoding = 4; lastKnownFileType = sourcecode.swift; path = PBTestOne.swift; sourceTree = "<group>"; };
		95D34A9D267345AD0007A67D /* PBTestOneExt.swift */ = {isa = PBXFileReference; fileEncoding = 4; lastKnownFileType = sourcecode.swift; path = PBTestOneExt.swift; sourceTree = "<group>"; };
		95D34A9F267345AD0007A67D /* PBTestOneController.swift */ = {isa = PBXFileReference; fileEncoding = 4; lastKnownFileType = sourcecode.swift; path = PBTestOneController.swift; sourceTree = "<group>"; };
		95D34AA1267345AD0007A67D /* PBTestOneCell.swift */ = {isa = PBXFileReference; fileEncoding = 4; lastKnownFileType = sourcecode.swift; path = PBTestOneCell.swift; sourceTree = "<group>"; };
		95D34AA2267345AD0007A67D /* PBTestOneView.xib */ = {isa = PBXFileReference; fileEncoding = 4; lastKnownFileType = file.xib; path = PBTestOneView.xib; sourceTree = "<group>"; };
		95D34AA3267345AD0007A67D /* PBTestOneView.swift */ = {isa = PBXFileReference; fileEncoding = 4; lastKnownFileType = sourcecode.swift; path = PBTestOneView.swift; sourceTree = "<group>"; };
		95D34AAD267345C90007A67D /* PBTestTwoController.swift */ = {isa = PBXFileReference; fileEncoding = 4; lastKnownFileType = sourcecode.swift; path = PBTestTwoController.swift; sourceTree = "<group>"; };
		95D34AB52673464B0007A67D /* UIScrollView+MJRefresh.m */ = {isa = PBXFileReference; fileEncoding = 4; lastKnownFileType = sourcecode.c.objc; path = "UIScrollView+MJRefresh.m"; sourceTree = "<group>"; };
		95D34AB62673464B0007A67D /* MJRefreshConst.m */ = {isa = PBXFileReference; fileEncoding = 4; lastKnownFileType = sourcecode.c.objc; path = MJRefreshConst.m; sourceTree = "<group>"; };
		95D34AB72673464B0007A67D /* UIScrollView+MJExtension.h */ = {isa = PBXFileReference; fileEncoding = 4; lastKnownFileType = sourcecode.c.h; path = "UIScrollView+MJExtension.h"; sourceTree = "<group>"; };
		95D34AB82673464B0007A67D /* MJRefresh.h */ = {isa = PBXFileReference; fileEncoding = 4; lastKnownFileType = sourcecode.c.h; path = MJRefresh.h; sourceTree = "<group>"; };
		95D34AB92673464B0007A67D /* MJRefresh.bundle */ = {isa = PBXFileReference; lastKnownFileType = "wrapper.plug-in"; path = MJRefresh.bundle; sourceTree = "<group>"; };
		95D34ABA2673464B0007A67D /* UIView+MJExtension.h */ = {isa = PBXFileReference; fileEncoding = 4; lastKnownFileType = sourcecode.c.h; path = "UIView+MJExtension.h"; sourceTree = "<group>"; };
		95D34ABB2673464B0007A67D /* UIScrollView+MJExtension.m */ = {isa = PBXFileReference; fileEncoding = 4; lastKnownFileType = sourcecode.c.objc; path = "UIScrollView+MJExtension.m"; sourceTree = "<group>"; };
		95D34ABC2673464B0007A67D /* MJRefreshConst.h */ = {isa = PBXFileReference; fileEncoding = 4; lastKnownFileType = sourcecode.c.h; path = MJRefreshConst.h; sourceTree = "<group>"; };
		95D34ABD2673464B0007A67D /* UIScrollView+MJRefresh.h */ = {isa = PBXFileReference; fileEncoding = 4; lastKnownFileType = sourcecode.c.h; path = "UIScrollView+MJRefresh.h"; sourceTree = "<group>"; };
		95D34ABE2673464B0007A67D /* UIView+MJExtension.m */ = {isa = PBXFileReference; fileEncoding = 4; lastKnownFileType = sourcecode.c.objc; path = "UIView+MJExtension.m"; sourceTree = "<group>"; };
		95D34AC22673464B0007A67D /* MJRefreshBackGifFooter.h */ = {isa = PBXFileReference; fileEncoding = 4; lastKnownFileType = sourcecode.c.h; path = MJRefreshBackGifFooter.h; sourceTree = "<group>"; };
		95D34AC32673464B0007A67D /* MJRefreshBackStateFooter.h */ = {isa = PBXFileReference; fileEncoding = 4; lastKnownFileType = sourcecode.c.h; path = MJRefreshBackStateFooter.h; sourceTree = "<group>"; };
		95D34AC42673464B0007A67D /* MJRefreshBackNormalFooter.h */ = {isa = PBXFileReference; fileEncoding = 4; lastKnownFileType = sourcecode.c.h; path = MJRefreshBackNormalFooter.h; sourceTree = "<group>"; };
		95D34AC52673464B0007A67D /* MJRefreshBackGifFooter.m */ = {isa = PBXFileReference; fileEncoding = 4; lastKnownFileType = sourcecode.c.objc; path = MJRefreshBackGifFooter.m; sourceTree = "<group>"; };
		95D34AC62673464B0007A67D /* MJRefreshBackStateFooter.m */ = {isa = PBXFileReference; fileEncoding = 4; lastKnownFileType = sourcecode.c.objc; path = MJRefreshBackStateFooter.m; sourceTree = "<group>"; };
		95D34AC72673464B0007A67D /* MJRefreshBackNormalFooter.m */ = {isa = PBXFileReference; fileEncoding = 4; lastKnownFileType = sourcecode.c.objc; path = MJRefreshBackNormalFooter.m; sourceTree = "<group>"; };
		95D34AC92673464B0007A67D /* MJRefreshAutoStateFooter.h */ = {isa = PBXFileReference; fileEncoding = 4; lastKnownFileType = sourcecode.c.h; path = MJRefreshAutoStateFooter.h; sourceTree = "<group>"; };
		95D34ACA2673464B0007A67D /* MJRefreshAutoNormalFooter.h */ = {isa = PBXFileReference; fileEncoding = 4; lastKnownFileType = sourcecode.c.h; path = MJRefreshAutoNormalFooter.h; sourceTree = "<group>"; };
		95D34ACB2673464B0007A67D /* MJRefreshAutoGifFooter.h */ = {isa = PBXFileReference; fileEncoding = 4; lastKnownFileType = sourcecode.c.h; path = MJRefreshAutoGifFooter.h; sourceTree = "<group>"; };
		95D34ACC2673464B0007A67D /* MJRefreshAutoStateFooter.m */ = {isa = PBXFileReference; fileEncoding = 4; lastKnownFileType = sourcecode.c.objc; path = MJRefreshAutoStateFooter.m; sourceTree = "<group>"; };
		95D34ACD2673464B0007A67D /* MJRefreshAutoGifFooter.m */ = {isa = PBXFileReference; fileEncoding = 4; lastKnownFileType = sourcecode.c.objc; path = MJRefreshAutoGifFooter.m; sourceTree = "<group>"; };
		95D34ACE2673464B0007A67D /* MJRefreshAutoNormalFooter.m */ = {isa = PBXFileReference; fileEncoding = 4; lastKnownFileType = sourcecode.c.objc; path = MJRefreshAutoNormalFooter.m; sourceTree = "<group>"; };
		95D34AD02673464B0007A67D /* MJRefreshNormalHeader.m */ = {isa = PBXFileReference; fileEncoding = 4; lastKnownFileType = sourcecode.c.objc; path = MJRefreshNormalHeader.m; sourceTree = "<group>"; };
		95D34AD12673464B0007A67D /* MJRefreshStateHeader.h */ = {isa = PBXFileReference; fileEncoding = 4; lastKnownFileType = sourcecode.c.h; path = MJRefreshStateHeader.h; sourceTree = "<group>"; };
		95D34AD22673464B0007A67D /* MJRefreshGifHeader.h */ = {isa = PBXFileReference; fileEncoding = 4; lastKnownFileType = sourcecode.c.h; path = MJRefreshGifHeader.h; sourceTree = "<group>"; };
		95D34AD32673464B0007A67D /* MJRefreshNormalHeader.h */ = {isa = PBXFileReference; fileEncoding = 4; lastKnownFileType = sourcecode.c.h; path = MJRefreshNormalHeader.h; sourceTree = "<group>"; };
		95D34AD42673464B0007A67D /* MJRefreshStateHeader.m */ = {isa = PBXFileReference; fileEncoding = 4; lastKnownFileType = sourcecode.c.objc; path = MJRefreshStateHeader.m; sourceTree = "<group>"; };
		95D34AD52673464B0007A67D /* MJRefreshGifHeader.m */ = {isa = PBXFileReference; fileEncoding = 4; lastKnownFileType = sourcecode.c.objc; path = MJRefreshGifHeader.m; sourceTree = "<group>"; };
		95D34AD72673464B0007A67D /* MJRefreshFooter.m */ = {isa = PBXFileReference; fileEncoding = 4; lastKnownFileType = sourcecode.c.objc; path = MJRefreshFooter.m; sourceTree = "<group>"; };
		95D34AD82673464B0007A67D /* MJRefreshComponent.h */ = {isa = PBXFileReference; fileEncoding = 4; lastKnownFileType = sourcecode.c.h; path = MJRefreshComponent.h; sourceTree = "<group>"; };
		95D34AD92673464B0007A67D /* MJRefreshHeader.m */ = {isa = PBXFileReference; fileEncoding = 4; lastKnownFileType = sourcecode.c.objc; path = MJRefreshHeader.m; sourceTree = "<group>"; };
		95D34ADA2673464B0007A67D /* MJRefreshAutoFooter.h */ = {isa = PBXFileReference; fileEncoding = 4; lastKnownFileType = sourcecode.c.h; path = MJRefreshAutoFooter.h; sourceTree = "<group>"; };
		95D34ADB2673464B0007A67D /* MJRefreshBackFooter.m */ = {isa = PBXFileReference; fileEncoding = 4; lastKnownFileType = sourcecode.c.objc; path = MJRefreshBackFooter.m; sourceTree = "<group>"; };
		95D34ADC2673464B0007A67D /* MJRefreshAutoFooter.m */ = {isa = PBXFileReference; fileEncoding = 4; lastKnownFileType = sourcecode.c.objc; path = MJRefreshAutoFooter.m; sourceTree = "<group>"; };
		95D34ADD2673464B0007A67D /* MJRefreshHeader.h */ = {isa = PBXFileReference; fileEncoding = 4; lastKnownFileType = sourcecode.c.h; path = MJRefreshHeader.h; sourceTree = "<group>"; };
		95D34ADE2673464B0007A67D /* MJRefreshComponent.m */ = {isa = PBXFileReference; fileEncoding = 4; lastKnownFileType = sourcecode.c.objc; path = MJRefreshComponent.m; sourceTree = "<group>"; };
		95D34ADF2673464B0007A67D /* MJRefreshFooter.h */ = {isa = PBXFileReference; fileEncoding = 4; lastKnownFileType = sourcecode.c.h; path = MJRefreshFooter.h; sourceTree = "<group>"; };
		95D34AE02673464B0007A67D /* MJRefreshBackFooter.h */ = {isa = PBXFileReference; fileEncoding = 4; lastKnownFileType = sourcecode.c.h; path = MJRefreshBackFooter.h; sourceTree = "<group>"; };
		95D34AE22673464B0007A67D /* PBCommonUIParams.h */ = {isa = PBXFileReference; fileEncoding = 4; lastKnownFileType = sourcecode.c.h; path = PBCommonUIParams.h; sourceTree = "<group>"; };
		95D34AE32673464B0007A67D /* PBCommonUIParams.m */ = {isa = PBXFileReference; fileEncoding = 4; lastKnownFileType = sourcecode.c.objc; path = PBCommonUIParams.m; sourceTree = "<group>"; };
		95D34AE62673464B0007A67D /* UIAlertView+AFNetworking.m */ = {isa = PBXFileReference; fileEncoding = 4; lastKnownFileType = sourcecode.c.objc; path = "UIAlertView+AFNetworking.m"; sourceTree = "<group>"; };
		95D34AE72673464B0007A67D /* UIProgressView+AFNetworking.m */ = {isa = PBXFileReference; fileEncoding = 4; lastKnownFileType = sourcecode.c.objc; path = "UIProgressView+AFNetworking.m"; sourceTree = "<group>"; };
		95D34AE82673464B0007A67D /* UIButton+AFNetworking.h */ = {isa = PBXFileReference; fileEncoding = 4; lastKnownFileType = sourcecode.c.h; path = "UIButton+AFNetworking.h"; sourceTree = "<group>"; };
		95D34AE92673464B0007A67D /* UIRefreshControl+AFNetworking.m */ = {isa = PBXFileReference; fileEncoding = 4; lastKnownFileType = sourcecode.c.objc; path = "UIRefreshControl+AFNetworking.m"; sourceTree = "<group>"; };
		95D34AEA2673464B0007A67D /* UIImageView+AFNetworking.h */ = {isa = PBXFileReference; fileEncoding = 4; lastKnownFileType = sourcecode.c.h; path = "UIImageView+AFNetworking.h"; sourceTree = "<group>"; };
		95D34AEB2673464B0007A67D /* AFNetworkActivityIndicatorManager.m */ = {isa = PBXFileReference; fileEncoding = 4; lastKnownFileType = sourcecode.c.objc; path = AFNetworkActivityIndicatorManager.m; sourceTree = "<group>"; };
		95D34AEC2673464B0007A67D /* UIWebView+AFNetworking.h */ = {isa = PBXFileReference; fileEncoding = 4; lastKnownFileType = sourcecode.c.h; path = "UIWebView+AFNetworking.h"; sourceTree = "<group>"; };
		95D34AED2673464B0007A67D /* UIActivityIndicatorView+AFNetworking.h */ = {isa = PBXFileReference; fileEncoding = 4; lastKnownFileType = sourcecode.c.h; path = "UIActivityIndicatorView+AFNetworking.h"; sourceTree = "<group>"; };
		95D34AEE2673464B0007A67D /* UIAlertView+AFNetworking.h */ = {isa = PBXFileReference; fileEncoding = 4; lastKnownFileType = sourcecode.c.h; path = "UIAlertView+AFNetworking.h"; sourceTree = "<group>"; };
		95D34AEF2673464B0007A67D /* UIProgressView+AFNetworking.h */ = {isa = PBXFileReference; fileEncoding = 4; lastKnownFileType = sourcecode.c.h; path = "UIProgressView+AFNetworking.h"; sourceTree = "<group>"; };
		95D34AF02673464B0007A67D /* UIImageView+AFNetworking.m */ = {isa = PBXFileReference; fileEncoding = 4; lastKnownFileType = sourcecode.c.objc; path = "UIImageView+AFNetworking.m"; sourceTree = "<group>"; };
		95D34AF12673464B0007A67D /* UIKit+AFNetworking.h */ = {isa = PBXFileReference; fileEncoding = 4; lastKnownFileType = sourcecode.c.h; path = "UIKit+AFNetworking.h"; sourceTree = "<group>"; };
		95D34AF22673464B0007A67D /* UIRefreshControl+AFNetworking.h */ = {isa = PBXFileReference; fileEncoding = 4; lastKnownFileType = sourcecode.c.h; path = "UIRefreshControl+AFNetworking.h"; sourceTree = "<group>"; };
		95D34AF32673464B0007A67D /* UIButton+AFNetworking.m */ = {isa = PBXFileReference; fileEncoding = 4; lastKnownFileType = sourcecode.c.objc; path = "UIButton+AFNetworking.m"; sourceTree = "<group>"; };
		95D34AF42673464B0007A67D /* UIActivityIndicatorView+AFNetworking.m */ = {isa = PBXFileReference; fileEncoding = 4; lastKnownFileType = sourcecode.c.objc; path = "UIActivityIndicatorView+AFNetworking.m"; sourceTree = "<group>"; };
		95D34AF52673464B0007A67D /* UIWebView+AFNetworking.m */ = {isa = PBXFileReference; fileEncoding = 4; lastKnownFileType = sourcecode.c.objc; path = "UIWebView+AFNetworking.m"; sourceTree = "<group>"; };
		95D34AF62673464B0007A67D /* AFNetworkActivityIndicatorManager.h */ = {isa = PBXFileReference; fileEncoding = 4; lastKnownFileType = sourcecode.c.h; path = AFNetworkActivityIndicatorManager.h; sourceTree = "<group>"; };
		95D34AF82673464B0007A67D /* AFSecurityPolicy.h */ = {isa = PBXFileReference; fileEncoding = 4; lastKnownFileType = sourcecode.c.h; path = AFSecurityPolicy.h; sourceTree = "<group>"; };
		95D34AF92673464B0007A67D /* AFNetworkReachabilityManager.h */ = {isa = PBXFileReference; fileEncoding = 4; lastKnownFileType = sourcecode.c.h; path = AFNetworkReachabilityManager.h; sourceTree = "<group>"; };
		95D34AFA2673464B0007A67D /* AFHTTPRequestOperation.h */ = {isa = PBXFileReference; fileEncoding = 4; lastKnownFileType = sourcecode.c.h; path = AFHTTPRequestOperation.h; sourceTree = "<group>"; };
		95D34AFB2673464B0007A67D /* AFHTTPRequestOperationManager.h */ = {isa = PBXFileReference; fileEncoding = 4; lastKnownFileType = sourcecode.c.h; path = AFHTTPRequestOperationManager.h; sourceTree = "<group>"; };
		95D34AFC2673464B0007A67D /* AFURLSessionManager.h */ = {isa = PBXFileReference; fileEncoding = 4; lastKnownFileType = sourcecode.c.h; path = AFURLSessionManager.h; sourceTree = "<group>"; };
		95D34AFD2673464B0007A67D /* AFURLRequestSerialization.h */ = {isa = PBXFileReference; fileEncoding = 4; lastKnownFileType = sourcecode.c.h; path = AFURLRequestSerialization.h; sourceTree = "<group>"; };
		95D34AFE2673464B0007A67D /* AFURLConnectionOperation.h */ = {isa = PBXFileReference; fileEncoding = 4; lastKnownFileType = sourcecode.c.h; path = AFURLConnectionOperation.h; sourceTree = "<group>"; };
		95D34AFF2673464B0007A67D /* AFURLResponseSerialization.m */ = {isa = PBXFileReference; fileEncoding = 4; lastKnownFileType = sourcecode.c.objc; path = AFURLResponseSerialization.m; sourceTree = "<group>"; };
		95D34B002673464B0007A67D /* AFHTTPSessionManager.m */ = {isa = PBXFileReference; fileEncoding = 4; lastKnownFileType = sourcecode.c.objc; path = AFHTTPSessionManager.m; sourceTree = "<group>"; };
		95D34B012673464B0007A67D /* AFURLConnectionOperation.m */ = {isa = PBXFileReference; fileEncoding = 4; lastKnownFileType = sourcecode.c.objc; path = AFURLConnectionOperation.m; sourceTree = "<group>"; };
		95D34B022673464B0007A67D /* AFURLResponseSerialization.h */ = {isa = PBXFileReference; fileEncoding = 4; lastKnownFileType = sourcecode.c.h; path = AFURLResponseSerialization.h; sourceTree = "<group>"; };
		95D34B032673464B0007A67D /* AFURLSessionManager.m */ = {isa = PBXFileReference; fileEncoding = 4; lastKnownFileType = sourcecode.c.objc; path = AFURLSessionManager.m; sourceTree = "<group>"; };
		95D34B042673464B0007A67D /* AFHTTPRequestOperationManager.m */ = {isa = PBXFileReference; fileEncoding = 4; lastKnownFileType = sourcecode.c.objc; path = AFHTTPRequestOperationManager.m; sourceTree = "<group>"; };
		95D34B052673464B0007A67D /* AFURLRequestSerialization.m */ = {isa = PBXFileReference; fileEncoding = 4; lastKnownFileType = sourcecode.c.objc; path = AFURLRequestSerialization.m; sourceTree = "<group>"; };
		95D34B062673464B0007A67D /* AFHTTPRequestOperation.m */ = {isa = PBXFileReference; fileEncoding = 4; lastKnownFileType = sourcecode.c.objc; path = AFHTTPRequestOperation.m; sourceTree = "<group>"; };
		95D34B072673464B0007A67D /* AFNetworking.h */ = {isa = PBXFileReference; fileEncoding = 4; lastKnownFileType = sourcecode.c.h; path = AFNetworking.h; sourceTree = "<group>"; };
		95D34B082673464B0007A67D /* AFNetworkReachabilityManager.m */ = {isa = PBXFileReference; fileEncoding = 4; lastKnownFileType = sourcecode.c.objc; path = AFNetworkReachabilityManager.m; sourceTree = "<group>"; };
		95D34B092673464B0007A67D /* AFSecurityPolicy.m */ = {isa = PBXFileReference; fileEncoding = 4; lastKnownFileType = sourcecode.c.objc; path = AFSecurityPolicy.m; sourceTree = "<group>"; };
		95D34B0A2673464B0007A67D /* AFHTTPSessionManager.h */ = {isa = PBXFileReference; fileEncoding = 4; lastKnownFileType = sourcecode.c.h; path = AFHTTPSessionManager.h; sourceTree = "<group>"; };
		95D34B0C2673464B0007A67D /* UIImage+WebP.m */ = {isa = PBXFileReference; fileEncoding = 4; lastKnownFileType = sourcecode.c.objc; path = "UIImage+WebP.m"; sourceTree = "<group>"; };
		95D34B0D2673464B0007A67D /* MKAnnotationView+WebCache.m */ = {isa = PBXFileReference; fileEncoding = 4; lastKnownFileType = sourcecode.c.objc; path = "MKAnnotationView+WebCache.m"; sourceTree = "<group>"; };
		95D34B0E2673464B0007A67D /* UIImageView+WebCache.h */ = {isa = PBXFileReference; fileEncoding = 4; lastKnownFileType = sourcecode.c.h; path = "UIImageView+WebCache.h"; sourceTree = "<group>"; };
		95D34B0F2673464B0007A67D /* NSData+ImageContentType.h */ = {isa = PBXFileReference; fileEncoding = 4; lastKnownFileType = sourcecode.c.h; path = "NSData+ImageContentType.h"; sourceTree = "<group>"; };
		95D34B102673464B0007A67D /* SDWebImageManager.m */ = {isa = PBXFileReference; fileEncoding = 4; lastKnownFileType = sourcecode.c.objc; path = SDWebImageManager.m; sourceTree = "<group>"; };
		95D34B112673464B0007A67D /* SDWebImageDecoder.m */ = {isa = PBXFileReference; fileEncoding = 4; lastKnownFileType = sourcecode.c.objc; path = SDWebImageDecoder.m; sourceTree = "<group>"; };
		95D34B122673464B0007A67D /* SDWebImageDownloaderOperation.h */ = {isa = PBXFileReference; fileEncoding = 4; lastKnownFileType = sourcecode.c.h; path = SDWebImageDownloaderOperation.h; sourceTree = "<group>"; };
		95D34B132673464B0007A67D /* UIImageView+HighlightedWebCache.m */ = {isa = PBXFileReference; fileEncoding = 4; lastKnownFileType = sourcecode.c.objc; path = "UIImageView+HighlightedWebCache.m"; sourceTree = "<group>"; };
		95D34B142673464B0007A67D /* SDImageCache.h */ = {isa = PBXFileReference; fileEncoding = 4; lastKnownFileType = sourcecode.c.h; path = SDImageCache.h; sourceTree = "<group>"; };
		95D34B152673464B0007A67D /* SDWebImageDownloader.m */ = {isa = PBXFileReference; fileEncoding = 4; lastKnownFileType = sourcecode.c.objc; path = SDWebImageDownloader.m; sourceTree = "<group>"; };
		95D34B162673464B0007A67D /* UIImage+GIF.m */ = {isa = PBXFileReference; fileEncoding = 4; lastKnownFileType = sourcecode.c.objc; path = "UIImage+GIF.m"; sourceTree = "<group>"; };
		95D34B172673464B0007A67D /* UIButton+WebCache.h */ = {isa = PBXFileReference; fileEncoding = 4; lastKnownFileType = sourcecode.c.h; path = "UIButton+WebCache.h"; sourceTree = "<group>"; };
		95D34B182673464B0007A67D /* UIImage+MultiFormat.m */ = {isa = PBXFileReference; fileEncoding = 4; lastKnownFileType = sourcecode.c.objc; path = "UIImage+MultiFormat.m"; sourceTree = "<group>"; };
		95D34B192673464B0007A67D /* SDWebImageCompat.m */ = {isa = PBXFileReference; fileEncoding = 4; lastKnownFileType = sourcecode.c.objc; path = SDWebImageCompat.m; sourceTree = "<group>"; };
		95D34B1A2673464B0007A67D /* SDWebImagePrefetcher.m */ = {isa = PBXFileReference; fileEncoding = 4; lastKnownFileType = sourcecode.c.objc; path = SDWebImagePrefetcher.m; sourceTree = "<group>"; };
		95D34B1B2673464B0007A67D /* UIView+WebCacheOperation.h */ = {isa = PBXFileReference; fileEncoding = 4; lastKnownFileType = sourcecode.c.h; path = "UIView+WebCacheOperation.h"; sourceTree = "<group>"; };
		95D34B1C2673464B0007A67D /* MKAnnotationView+WebCache.h */ = {isa = PBXFileReference; fileEncoding = 4; lastKnownFileType = sourcecode.c.h; path = "MKAnnotationView+WebCache.h"; sourceTree = "<group>"; };
		95D34B1D2673464B0007A67D /* UIImage+WebP.h */ = {isa = PBXFileReference; fileEncoding = 4; lastKnownFileType = sourcecode.c.h; path = "UIImage+WebP.h"; sourceTree = "<group>"; };
		95D34B1E2673464B0007A67D /* SDImageCache.m */ = {isa = PBXFileReference; fileEncoding = 4; lastKnownFileType = sourcecode.c.objc; path = SDImageCache.m; sourceTree = "<group>"; };
		95D34B1F2673464B0007A67D /* UIImageView+HighlightedWebCache.h */ = {isa = PBXFileReference; fileEncoding = 4; lastKnownFileType = sourcecode.c.h; path = "UIImageView+HighlightedWebCache.h"; sourceTree = "<group>"; };
		95D34B202673464B0007A67D /* SDWebImageDownloaderOperation.m */ = {isa = PBXFileReference; fileEncoding = 4; lastKnownFileType = sourcecode.c.objc; path = SDWebImageDownloaderOperation.m; sourceTree = "<group>"; };
		95D34B212673464B0007A67D /* SDWebImageDecoder.h */ = {isa = PBXFileReference; fileEncoding = 4; lastKnownFileType = sourcecode.c.h; path = SDWebImageDecoder.h; sourceTree = "<group>"; };
		95D34B222673464B0007A67D /* SDWebImageManager.h */ = {isa = PBXFileReference; fileEncoding = 4; lastKnownFileType = sourcecode.c.h; path = SDWebImageManager.h; sourceTree = "<group>"; };
		95D34B232673464B0007A67D /* NSData+ImageContentType.m */ = {isa = PBXFileReference; fileEncoding = 4; lastKnownFileType = sourcecode.c.objc; path = "NSData+ImageContentType.m"; sourceTree = "<group>"; };
		95D34B242673464B0007A67D /* UIImageView+WebCache.m */ = {isa = PBXFileReference; fileEncoding = 4; lastKnownFileType = sourcecode.c.objc; path = "UIImageView+WebCache.m"; sourceTree = "<group>"; };
		95D34B252673464B0007A67D /* SDWebImageOperation.h */ = {isa = PBXFileReference; fileEncoding = 4; lastKnownFileType = sourcecode.c.h; path = SDWebImageOperation.h; sourceTree = "<group>"; };
		95D34B262673464B0007A67D /* SDWebImageDownloader.h */ = {isa = PBXFileReference; fileEncoding = 4; lastKnownFileType = sourcecode.c.h; path = SDWebImageDownloader.h; sourceTree = "<group>"; };
		95D34B272673464B0007A67D /* UIView+WebCacheOperation.m */ = {isa = PBXFileReference; fileEncoding = 4; lastKnownFileType = sourcecode.c.objc; path = "UIView+WebCacheOperation.m"; sourceTree = "<group>"; };
		95D34B282673464B0007A67D /* SDWebImagePrefetcher.h */ = {isa = PBXFileReference; fileEncoding = 4; lastKnownFileType = sourcecode.c.h; path = SDWebImagePrefetcher.h; sourceTree = "<group>"; };
		95D34B292673464B0007A67D /* SDWebImageCompat.h */ = {isa = PBXFileReference; fileEncoding = 4; lastKnownFileType = sourcecode.c.h; path = SDWebImageCompat.h; sourceTree = "<group>"; };
		95D34B2A2673464B0007A67D /* UIImage+MultiFormat.h */ = {isa = PBXFileReference; fileEncoding = 4; lastKnownFileType = sourcecode.c.h; path = "UIImage+MultiFormat.h"; sourceTree = "<group>"; };
		95D34B2B2673464B0007A67D /* UIButton+WebCache.m */ = {isa = PBXFileReference; fileEncoding = 4; lastKnownFileType = sourcecode.c.objc; path = "UIButton+WebCache.m"; sourceTree = "<group>"; };
		95D34B2C2673464B0007A67D /* UIImage+GIF.h */ = {isa = PBXFileReference; fileEncoding = 4; lastKnownFileType = sourcecode.c.h; path = "UIImage+GIF.h"; sourceTree = "<group>"; };
		95D34B2E2673464B0007A67D /* TTTAttributedLabel.h */ = {isa = PBXFileReference; fileEncoding = 4; lastKnownFileType = sourcecode.c.h; path = TTTAttributedLabel.h; sourceTree = "<group>"; };
		95D34B2F2673464B0007A67D /* TTTAttributedLabel.m */ = {isa = PBXFileReference; fileEncoding = 4; lastKnownFileType = sourcecode.c.objc; path = TTTAttributedLabel.m; sourceTree = "<group>"; };
		95D34B312673464B0007A67D /* LaunchScreen.storyboard */ = {isa = PBXFileReference; fileEncoding = 4; lastKnownFileType = file.storyboard; path = LaunchScreen.storyboard; sourceTree = "<group>"; };
		95D34B322673464B0007A67D /* Assets.xcassets */ = {isa = PBXFileReference; lastKnownFileType = folder.assetcatalog; path = Assets.xcassets; sourceTree = "<group>"; };
		95D34B342673464B0007A67D /* PBSwift-Bridging-Header.h */ = {isa = PBXFileReference; fileEncoding = 4; lastKnownFileType = sourcecode.c.h; path = "PBSwift-Bridging-Header.h"; sourceTree = "<group>"; };
		95D34B352673464B0007A67D /* PBTabBarController.swift */ = {isa = PBXFileReference; fileEncoding = 4; lastKnownFileType = sourcecode.swift; path = PBTabBarController.swift; sourceTree = "<group>"; };
		95D34B362673464B0007A67D /* AppDelegate.swift */ = {isa = PBXFileReference; fileEncoding = 4; lastKnownFileType = sourcecode.swift; path = AppDelegate.swift; sourceTree = "<group>"; };
		B0110E081EA8696F00732D0C /* PBSwift.app */ = {isa = PBXFileReference; explicitFileType = wrapper.application; includeInIndex = 0; path = PBSwift.app; sourceTree = BUILT_PRODUCTS_DIR; };
		B0110E171EA8696F00732D0C /* Info.plist */ = {isa = PBXFileReference; lastKnownFileType = text.plist.xml; path = Info.plist; sourceTree = "<group>"; };
		B0110E1C1EA8696F00732D0C /* PBSwiftTests.xctest */ = {isa = PBXFileReference; explicitFileType = wrapper.cfbundle; includeInIndex = 0; path = PBSwiftTests.xctest; sourceTree = BUILT_PRODUCTS_DIR; };
		B0110E271EA8696F00732D0C /* PBSwiftUITests.xctest */ = {isa = PBXFileReference; explicitFileType = wrapper.cfbundle; includeInIndex = 0; path = PBSwiftUITests.xctest; sourceTree = BUILT_PRODUCTS_DIR; };
/* End PBXFileReference section */

/* Begin PBXFrameworksBuildPhase section */
		B0110E051EA8696F00732D0C /* Frameworks */ = {
			isa = PBXFrameworksBuildPhase;
			buildActionMask = 2147483647;
			files = (
			);
			runOnlyForDeploymentPostprocessing = 0;
		};
		B0110E191EA8696F00732D0C /* Frameworks */ = {
			isa = PBXFrameworksBuildPhase;
			buildActionMask = 2147483647;
			files = (
			);
			runOnlyForDeploymentPostprocessing = 0;
		};
		B0110E241EA8696F00732D0C /* Frameworks */ = {
			isa = PBXFrameworksBuildPhase;
			buildActionMask = 2147483647;
			files = (
			);
			runOnlyForDeploymentPostprocessing = 0;
		};
/* End PBXFrameworksBuildPhase section */

/* Begin PBXGroup section */
		95D34A99267345AC0007A67D /* PageOne */ = {
			isa = PBXGroup;
			children = (
				95D34A9A267345AD0007A67D /* Models */,
				95D34A9E267345AD0007A67D /* Controllers */,
				95D34AA0267345AD0007A67D /* Views */,
			);
			path = PageOne;
			sourceTree = "<group>";
		};
		95D34A9A267345AD0007A67D /* Models */ = {
			isa = PBXGroup;
			children = (
				95D34A9B267345AD0007A67D /* PBTestOneData.swift */,
				95D34A9C267345AD0007A67D /* PBTestOne.swift */,
				95D34A9D267345AD0007A67D /* PBTestOneExt.swift */,
			);
			path = Models;
			sourceTree = "<group>";
		};
		95D34A9E267345AD0007A67D /* Controllers */ = {
			isa = PBXGroup;
			children = (
				95D34A9F267345AD0007A67D /* PBTestOneController.swift */,
			);
			path = Controllers;
			sourceTree = "<group>";
		};
		95D34AA0267345AD0007A67D /* Views */ = {
			isa = PBXGroup;
			children = (
				95D34AA1267345AD0007A67D /* PBTestOneCell.swift */,
				95D34AA2267345AD0007A67D /* PBTestOneView.xib */,
				95D34AA3267345AD0007A67D /* PBTestOneView.swift */,
			);
			path = Views;
			sourceTree = "<group>";
		};
		95D34AAB267345C90007A67D /* PageTwo */ = {
			isa = PBXGroup;
			children = (
				95D34AAC267345C90007A67D /* Controllers */,
			);
			path = PageTwo;
			sourceTree = "<group>";
		};
		95D34AAC267345C90007A67D /* Controllers */ = {
			isa = PBXGroup;
			children = (
				95D34AAD267345C90007A67D /* PBTestTwoController.swift */,
			);
			path = Controllers;
			sourceTree = "<group>";
		};
		95D34AB22673464B0007A67D /* Others */ = {
			isa = PBXGroup;
			children = (
				95D34AB32673464B0007A67D /* Lib */,
				95D34B302673464B0007A67D /* Resource */,
				95D34B332673464B0007A67D /* Main */,
			);
			path = Others;
			sourceTree = "<group>";
		};
		95D34AB32673464B0007A67D /* Lib */ = {
			isa = PBXGroup;
			children = (
				95D34AB42673464B0007A67D /* MJRefresh */,
				95D34AE12673464B0007A67D /* PBFoundation */,
				95D34AE42673464B0007A67D /* AFNetworking */,
				95D34B0B2673464B0007A67D /* SDWebImage */,
				95D34B2D2673464B0007A67D /* TTTAttributedLabel */,
			);
			path = Lib;
			sourceTree = "<group>";
		};
		95D34AB42673464B0007A67D /* MJRefresh */ = {
			isa = PBXGroup;
			children = (
				95D34AB52673464B0007A67D /* UIScrollView+MJRefresh.m */,
				95D34AB62673464B0007A67D /* MJRefreshConst.m */,
				95D34AB72673464B0007A67D /* UIScrollView+MJExtension.h */,
				95D34AB82673464B0007A67D /* MJRefresh.h */,
				95D34AB92673464B0007A67D /* MJRefresh.bundle */,
				95D34ABA2673464B0007A67D /* UIView+MJExtension.h */,
				95D34ABB2673464B0007A67D /* UIScrollView+MJExtension.m */,
				95D34ABC2673464B0007A67D /* MJRefreshConst.h */,
				95D34ABD2673464B0007A67D /* UIScrollView+MJRefresh.h */,
				95D34ABE2673464B0007A67D /* UIView+MJExtension.m */,
				95D34ABF2673464B0007A67D /* Custom */,
				95D34AD62673464B0007A67D /* Base */,
			);
			path = MJRefresh;
			sourceTree = "<group>";
		};
		95D34ABF2673464B0007A67D /* Custom */ = {
			isa = PBXGroup;
			children = (
				95D34AC02673464B0007A67D /* Footer */,
				95D34ACF2673464B0007A67D /* Header */,
			);
			path = Custom;
			sourceTree = "<group>";
		};
		95D34AC02673464B0007A67D /* Footer */ = {
			isa = PBXGroup;
			children = (
				95D34AC12673464B0007A67D /* Back */,
				95D34AC82673464B0007A67D /* Auto */,
			);
			path = Footer;
			sourceTree = "<group>";
		};
		95D34AC12673464B0007A67D /* Back */ = {
			isa = PBXGroup;
			children = (
				95D34AC22673464B0007A67D /* MJRefreshBackGifFooter.h */,
				95D34AC32673464B0007A67D /* MJRefreshBackStateFooter.h */,
				95D34AC42673464B0007A67D /* MJRefreshBackNormalFooter.h */,
				95D34AC52673464B0007A67D /* MJRefreshBackGifFooter.m */,
				95D34AC62673464B0007A67D /* MJRefreshBackStateFooter.m */,
				95D34AC72673464B0007A67D /* MJRefreshBackNormalFooter.m */,
			);
			path = Back;
			sourceTree = "<group>";
		};
		95D34AC82673464B0007A67D /* Auto */ = {
			isa = PBXGroup;
			children = (
				95D34AC92673464B0007A67D /* MJRefreshAutoStateFooter.h */,
				95D34ACA2673464B0007A67D /* MJRefreshAutoNormalFooter.h */,
				95D34ACB2673464B0007A67D /* MJRefreshAutoGifFooter.h */,
				95D34ACC2673464B0007A67D /* MJRefreshAutoStateFooter.m */,
				95D34ACD2673464B0007A67D /* MJRefreshAutoGifFooter.m */,
				95D34ACE2673464B0007A67D /* MJRefreshAutoNormalFooter.m */,
			);
			path = Auto;
			sourceTree = "<group>";
		};
		95D34ACF2673464B0007A67D /* Header */ = {
			isa = PBXGroup;
			children = (
				95D34AD02673464B0007A67D /* MJRefreshNormalHeader.m */,
				95D34AD12673464B0007A67D /* MJRefreshStateHeader.h */,
				95D34AD22673464B0007A67D /* MJRefreshGifHeader.h */,
				95D34AD32673464B0007A67D /* MJRefreshNormalHeader.h */,
				95D34AD42673464B0007A67D /* MJRefreshStateHeader.m */,
				95D34AD52673464B0007A67D /* MJRefreshGifHeader.m */,
			);
			path = Header;
			sourceTree = "<group>";
		};
		95D34AD62673464B0007A67D /* Base */ = {
			isa = PBXGroup;
			children = (
				95D34AD72673464B0007A67D /* MJRefreshFooter.m */,
				95D34AD82673464B0007A67D /* MJRefreshComponent.h */,
				95D34AD92673464B0007A67D /* MJRefreshHeader.m */,
				95D34ADA2673464B0007A67D /* MJRefreshAutoFooter.h */,
				95D34ADB2673464B0007A67D /* MJRefreshBackFooter.m */,
				95D34ADC2673464B0007A67D /* MJRefreshAutoFooter.m */,
				95D34ADD2673464B0007A67D /* MJRefreshHeader.h */,
				95D34ADE2673464B0007A67D /* MJRefreshComponent.m */,
				95D34ADF2673464B0007A67D /* MJRefreshFooter.h */,
				95D34AE02673464B0007A67D /* MJRefreshBackFooter.h */,
			);
			path = Base;
			sourceTree = "<group>";
		};
		95D34AE12673464B0007A67D /* PBFoundation */ = {
			isa = PBXGroup;
			children = (
				95D34AE22673464B0007A67D /* PBCommonUIParams.h */,
				95D34AE32673464B0007A67D /* PBCommonUIParams.m */,
			);
			path = PBFoundation;
			sourceTree = "<group>";
		};
		95D34AE42673464B0007A67D /* AFNetworking */ = {
			isa = PBXGroup;
			children = (
				95D34AE52673464B0007A67D /* UIKit+AFNetworking */,
				95D34AF72673464B0007A67D /* AFNetworking */,
			);
			path = AFNetworking;
			sourceTree = "<group>";
		};
		95D34AE52673464B0007A67D /* UIKit+AFNetworking */ = {
			isa = PBXGroup;
			children = (
				95D34AE62673464B0007A67D /* UIAlertView+AFNetworking.m */,
				95D34AE72673464B0007A67D /* UIProgressView+AFNetworking.m */,
				95D34AE82673464B0007A67D /* UIButton+AFNetworking.h */,
				95D34AE92673464B0007A67D /* UIRefreshControl+AFNetworking.m */,
				95D34AEA2673464B0007A67D /* UIImageView+AFNetworking.h */,
				95D34AEB2673464B0007A67D /* AFNetworkActivityIndicatorManager.m */,
				95D34AEC2673464B0007A67D /* UIWebView+AFNetworking.h */,
				95D34AED2673464B0007A67D /* UIActivityIndicatorView+AFNetworking.h */,
				95D34AEE2673464B0007A67D /* UIAlertView+AFNetworking.h */,
				95D34AEF2673464B0007A67D /* UIProgressView+AFNetworking.h */,
				95D34AF02673464B0007A67D /* UIImageView+AFNetworking.m */,
				95D34AF12673464B0007A67D /* UIKit+AFNetworking.h */,
				95D34AF22673464B0007A67D /* UIRefreshControl+AFNetworking.h */,
				95D34AF32673464B0007A67D /* UIButton+AFNetworking.m */,
				95D34AF42673464B0007A67D /* UIActivityIndicatorView+AFNetworking.m */,
				95D34AF52673464B0007A67D /* UIWebView+AFNetworking.m */,
				95D34AF62673464B0007A67D /* AFNetworkActivityIndicatorManager.h */,
			);
			path = "UIKit+AFNetworking";
			sourceTree = "<group>";
		};
		95D34AF72673464B0007A67D /* AFNetworking */ = {
			isa = PBXGroup;
			children = (
				95D34AF82673464B0007A67D /* AFSecurityPolicy.h */,
				95D34AF92673464B0007A67D /* AFNetworkReachabilityManager.h */,
				95D34AFA2673464B0007A67D /* AFHTTPRequestOperation.h */,
				95D34AFB2673464B0007A67D /* AFHTTPRequestOperationManager.h */,
				95D34AFC2673464B0007A67D /* AFURLSessionManager.h */,
				95D34AFD2673464B0007A67D /* AFURLRequestSerialization.h */,
				95D34AFE2673464B0007A67D /* AFURLConnectionOperation.h */,
				95D34AFF2673464B0007A67D /* AFURLResponseSerialization.m */,
				95D34B002673464B0007A67D /* AFHTTPSessionManager.m */,
				95D34B012673464B0007A67D /* AFURLConnectionOperation.m */,
				95D34B022673464B0007A67D /* AFURLResponseSerialization.h */,
				95D34B032673464B0007A67D /* AFURLSessionManager.m */,
				95D34B042673464B0007A67D /* AFHTTPRequestOperationManager.m */,
				95D34B052673464B0007A67D /* AFURLRequestSerialization.m */,
				95D34B062673464B0007A67D /* AFHTTPRequestOperation.m */,
				95D34B072673464B0007A67D /* AFNetworking.h */,
				95D34B082673464B0007A67D /* AFNetworkReachabilityManager.m */,
				95D34B092673464B0007A67D /* AFSecurityPolicy.m */,
				95D34B0A2673464B0007A67D /* AFHTTPSessionManager.h */,
			);
			path = AFNetworking;
			sourceTree = "<group>";
		};
		95D34B0B2673464B0007A67D /* SDWebImage */ = {
			isa = PBXGroup;
			children = (
				95D34B0C2673464B0007A67D /* UIImage+WebP.m */,
				95D34B0D2673464B0007A67D /* MKAnnotationView+WebCache.m */,
				95D34B0E2673464B0007A67D /* UIImageView+WebCache.h */,
				95D34B0F2673464B0007A67D /* NSData+ImageContentType.h */,
				95D34B102673464B0007A67D /* SDWebImageManager.m */,
				95D34B112673464B0007A67D /* SDWebImageDecoder.m */,
				95D34B122673464B0007A67D /* SDWebImageDownloaderOperation.h */,
				95D34B132673464B0007A67D /* UIImageView+HighlightedWebCache.m */,
				95D34B142673464B0007A67D /* SDImageCache.h */,
				95D34B152673464B0007A67D /* SDWebImageDownloader.m */,
				95D34B162673464B0007A67D /* UIImage+GIF.m */,
				95D34B172673464B0007A67D /* UIButton+WebCache.h */,
				95D34B182673464B0007A67D /* UIImage+MultiFormat.m */,
				95D34B192673464B0007A67D /* SDWebImageCompat.m */,
				95D34B1A2673464B0007A67D /* SDWebImagePrefetcher.m */,
				95D34B1B2673464B0007A67D /* UIView+WebCacheOperation.h */,
				95D34B1C2673464B0007A67D /* MKAnnotationView+WebCache.h */,
				95D34B1D2673464B0007A67D /* UIImage+WebP.h */,
				95D34B1E2673464B0007A67D /* SDImageCache.m */,
				95D34B1F2673464B0007A67D /* UIImageView+HighlightedWebCache.h */,
				95D34B202673464B0007A67D /* SDWebImageDownloaderOperation.m */,
				95D34B212673464B0007A67D /* SDWebImageDecoder.h */,
				95D34B222673464B0007A67D /* SDWebImageManager.h */,
				95D34B232673464B0007A67D /* NSData+ImageContentType.m */,
				95D34B242673464B0007A67D /* UIImageView+WebCache.m */,
				95D34B252673464B0007A67D /* SDWebImageOperation.h */,
				95D34B262673464B0007A67D /* SDWebImageDownloader.h */,
				95D34B272673464B0007A67D /* UIView+WebCacheOperation.m */,
				95D34B282673464B0007A67D /* SDWebImagePrefetcher.h */,
				95D34B292673464B0007A67D /* SDWebImageCompat.h */,
				95D34B2A2673464B0007A67D /* UIImage+MultiFormat.h */,
				95D34B2B2673464B0007A67D /* UIButton+WebCache.m */,
				95D34B2C2673464B0007A67D /* UIImage+GIF.h */,
			);
			path = SDWebImage;
			sourceTree = "<group>";
		};
		95D34B2D2673464B0007A67D /* TTTAttributedLabel */ = {
			isa = PBXGroup;
			children = (
				95D34B2E2673464B0007A67D /* TTTAttributedLabel.h */,
				95D34B2F2673464B0007A67D /* TTTAttributedLabel.m */,
			);
			path = TTTAttributedLabel;
			sourceTree = "<group>";
		};
		95D34B302673464B0007A67D /* Resource */ = {
			isa = PBXGroup;
			children = (
				95D34B312673464B0007A67D /* LaunchScreen.storyboard */,
				95D34B322673464B0007A67D /* Assets.xcassets */,
			);
			path = Resource;
			sourceTree = "<group>";
		};
		95D34B332673464B0007A67D /* Main */ = {
			isa = PBXGroup;
			children = (
				95D34B342673464B0007A67D /* PBSwift-Bridging-Header.h */,
				95D34B352673464B0007A67D /* PBTabBarController.swift */,
				95D34B362673464B0007A67D /* AppDelegate.swift */,
			);
			path = Main;
			sourceTree = "<group>";
		};
		B0110DFF1EA8696F00732D0C = {
			isa = PBXGroup;
			children = (
				B0110E0A1EA8696F00732D0C /* PBSwift */,
				B0110E091EA8696F00732D0C /* Products */,
			);
			sourceTree = "<group>";
		};
		B0110E091EA8696F00732D0C /* Products */ = {
			isa = PBXGroup;
			children = (
				B0110E081EA8696F00732D0C /* PBSwift.app */,
				B0110E1C1EA8696F00732D0C /* PBSwiftTests.xctest */,
				B0110E271EA8696F00732D0C /* PBSwiftUITests.xctest */,
			);
			name = Products;
			sourceTree = "<group>";
		};
		B0110E0A1EA8696F00732D0C /* PBSwift */ = {
			isa = PBXGroup;
			children = (
				95D34AB22673464B0007A67D /* Others */,
				95D34AAB267345C90007A67D /* PageTwo */,
				95D34A99267345AC0007A67D /* PageOne */,
				B0110E171EA8696F00732D0C /* Info.plist */,
			);
			path = PBSwift;
			sourceTree = "<group>";
		};
/* End PBXGroup section */

/* Begin PBXNativeTarget section */
		B0110E071EA8696F00732D0C /* PBSwift */ = {
			isa = PBXNativeTarget;
			buildConfigurationList = B0110E301EA8696F00732D0C /* Build configuration list for PBXNativeTarget "PBSwift" */;
			buildPhases = (
				B0110E041EA8696F00732D0C /* Sources */,
				B0110E051EA8696F00732D0C /* Frameworks */,
				B0110E061EA8696F00732D0C /* Resources */,
			);
			buildRules = (
			);
			dependencies = (
			);
			name = PBSwift;
			productName = PBSwift;
			productReference = B0110E081EA8696F00732D0C /* PBSwift.app */;
			productType = "com.apple.product-type.application";
		};
		B0110E1B1EA8696F00732D0C /* PBSwiftTests */ = {
			isa = PBXNativeTarget;
			buildConfigurationList = B0110E331EA8696F00732D0C /* Build configuration list for PBXNativeTarget "PBSwiftTests" */;
			buildPhases = (
				B0110E181EA8696F00732D0C /* Sources */,
				B0110E191EA8696F00732D0C /* Frameworks */,
				B0110E1A1EA8696F00732D0C /* Resources */,
			);
			buildRules = (
			);
			dependencies = (
				B0110E1E1EA8696F00732D0C /* PBXTargetDependency */,
			);
			name = PBSwiftTests;
			productName = PBSwiftTests;
			productReference = B0110E1C1EA8696F00732D0C /* PBSwiftTests.xctest */;
			productType = "com.apple.product-type.bundle.unit-test";
		};
		B0110E261EA8696F00732D0C /* PBSwiftUITests */ = {
			isa = PBXNativeTarget;
			buildConfigurationList = B0110E361EA8696F00732D0C /* Build configuration list for PBXNativeTarget "PBSwiftUITests" */;
			buildPhases = (
				B0110E231EA8696F00732D0C /* Sources */,
				B0110E241EA8696F00732D0C /* Frameworks */,
				B0110E251EA8696F00732D0C /* Resources */,
			);
			buildRules = (
			);
			dependencies = (
				B0110E291EA8696F00732D0C /* PBXTargetDependency */,
			);
			name = PBSwiftUITests;
			productName = PBSwiftUITests;
			productReference = B0110E271EA8696F00732D0C /* PBSwiftUITests.xctest */;
			productType = "com.apple.product-type.bundle.ui-testing";
		};
/* End PBXNativeTarget section */

/* Begin PBXProject section */
		B0110E001EA8696F00732D0C /* Project object */ = {
			isa = PBXProject;
			attributes = {
				LastSwiftUpdateCheck = 0820;
				LastUpgradeCheck = 0910;
				ORGANIZATIONNAME = DaMaiIOS;
				TargetAttributes = {
					B0110E071EA8696F00732D0C = {
						CreatedOnToolsVersion = 8.2.1;
						DevelopmentTeam = W4TDPYH3Z3;
						LastSwiftMigration = 0910;
						ProvisioningStyle = Automatic;
					};
					B0110E1B1EA8696F00732D0C = {
						CreatedOnToolsVersion = 8.2.1;
						LastSwiftMigration = 0910;
						ProvisioningStyle = Automatic;
						TestTargetID = B0110E071EA8696F00732D0C;
					};
					B0110E261EA8696F00732D0C = {
						CreatedOnToolsVersion = 8.2.1;
						LastSwiftMigration = 0910;
						ProvisioningStyle = Automatic;
						TestTargetID = B0110E071EA8696F00732D0C;
					};
				};
			};
			buildConfigurationList = B0110E031EA8696F00732D0C /* Build configuration list for PBXProject "PBSwift" */;
			compatibilityVersion = "Xcode 3.2";
			developmentRegion = English;
			hasScannedForEncodings = 0;
			knownRegions = (
				English,
				en,
				Base,
			);
			mainGroup = B0110DFF1EA8696F00732D0C;
			productRefGroup = B0110E091EA8696F00732D0C /* Products */;
			projectDirPath = "";
			projectRoot = "";
			targets = (
				B0110E071EA8696F00732D0C /* PBSwift */,
				B0110E1B1EA8696F00732D0C /* PBSwiftTests */,
				B0110E261EA8696F00732D0C /* PBSwiftUITests */,
			);
		};
/* End PBXProject section */

/* Begin PBXResourcesBuildPhase section */
		B0110E061EA8696F00732D0C /* Resources */ = {
			isa = PBXResourcesBuildPhase;
			buildActionMask = 2147483647;
			files = (
				95D34B6D2673464B0007A67D /* LaunchScreen.storyboard in Resources */,
				95D34B392673464B0007A67D /* MJRefresh.bundle in Resources */,
				95D34B6E2673464B0007A67D /* Assets.xcassets in Resources */,
				95D34AA9267345AD0007A67D /* PBTestOneView.xib in Resources */,
			);
			runOnlyForDeploymentPostprocessing = 0;
		};
		B0110E1A1EA8696F00732D0C /* Resources */ = {
			isa = PBXResourcesBuildPhase;
			buildActionMask = 2147483647;
			files = (
			);
			runOnlyForDeploymentPostprocessing = 0;
		};
		B0110E251EA8696F00732D0C /* Resources */ = {
			isa = PBXResourcesBuildPhase;
			buildActionMask = 2147483647;
			files = (
			);
			runOnlyForDeploymentPostprocessing = 0;
		};
/* End PBXResourcesBuildPhase section */

/* Begin PBXSourcesBuildPhase section */
		B0110E041EA8696F00732D0C /* Sources */ = {
			isa = PBXSourcesBuildPhase;
			buildActionMask = 2147483647;
			files = (
				95D34B4F2673464B0007A67D /* UIImageView+AFNetworking.m in Sources */,
				95D34B4C2673464B0007A67D /* UIProgressView+AFNetworking.m in Sources */,
				95D34B4D2673464B0007A67D /* UIRefreshControl+AFNetworking.m in Sources */,
				95D34B542673464B0007A67D /* AFHTTPSessionManager.m in Sources */,
				95D34B512673464B0007A67D /* UIActivityIndicatorView+AFNetworking.m in Sources */,
				95D34B422673464B0007A67D /* MJRefreshNormalHeader.m in Sources */,
				95D34B432673464B0007A67D /* MJRefreshStateHeader.m in Sources */,
				95D34B582673464B0007A67D /* AFURLRequestSerialization.m in Sources */,
				95D34B5D2673464B0007A67D /* MKAnnotationView+WebCache.m in Sources */,
				95D34B4A2673464B0007A67D /* PBCommonUIParams.m in Sources */,
				95D34B502673464B0007A67D /* UIButton+AFNetworking.m in Sources */,
				95D34B672673464B0007A67D /* SDWebImageDownloaderOperation.m in Sources */,
				95D34B5F2673464B0007A67D /* SDWebImageDecoder.m in Sources */,
				95D34B5A2673464B0007A67D /* AFNetworkReachabilityManager.m in Sources */,
				95D34B5B2673464B0007A67D /* AFSecurityPolicy.m in Sources */,
				95D34AA6267345AD0007A67D /* PBTestOneExt.swift in Sources */,
				95D34B3E2673464B0007A67D /* MJRefreshBackNormalFooter.m in Sources */,
				95D34B522673464B0007A67D /* UIWebView+AFNetworking.m in Sources */,
				95D34B682673464B0007A67D /* NSData+ImageContentType.m in Sources */,
				95D34B642673464B0007A67D /* SDWebImageCompat.m in Sources */,
				95D34B6B2673464B0007A67D /* UIButton+WebCache.m in Sources */,
				95D34B3F2673464B0007A67D /* MJRefreshAutoStateFooter.m in Sources */,
				95D34B702673464B0007A67D /* AppDelegate.swift in Sources */,
				95D34B602673464B0007A67D /* UIImageView+HighlightedWebCache.m in Sources */,
				95D34AA4267345AD0007A67D /* PBTestOneData.swift in Sources */,
				95D34B3D2673464B0007A67D /* MJRefreshBackStateFooter.m in Sources */,
				95D34AA5267345AD0007A67D /* PBTestOne.swift in Sources */,
				95D34B442673464B0007A67D /* MJRefreshGifHeader.m in Sources */,
				95D34B412673464B0007A67D /* MJRefreshAutoNormalFooter.m in Sources */,
				95D34AA8267345AD0007A67D /* PBTestOneCell.swift in Sources */,
				95D34B652673464B0007A67D /* SDWebImagePrefetcher.m in Sources */,
				95D34B692673464B0007A67D /* UIImageView+WebCache.m in Sources */,
				95D34B632673464B0007A67D /* UIImage+MultiFormat.m in Sources */,
				95D34B5E2673464B0007A67D /* SDWebImageManager.m in Sources */,
				95D34B552673464B0007A67D /* AFURLConnectionOperation.m in Sources */,
				95D34B572673464B0007A67D /* AFHTTPRequestOperationManager.m in Sources */,
				95D34B4E2673464B0007A67D /* AFNetworkActivityIndicatorManager.m in Sources */,
				95D34B532673464B0007A67D /* AFURLResponseSerialization.m in Sources */,
				95D34B402673464B0007A67D /* MJRefreshAutoGifFooter.m in Sources */,
				95D34B492673464B0007A67D /* MJRefreshComponent.m in Sources */,
				95D34B472673464B0007A67D /* MJRefreshBackFooter.m in Sources */,
				95D34B3A2673464B0007A67D /* UIScrollView+MJExtension.m in Sources */,
				95D34B662673464B0007A67D /* SDImageCache.m in Sources */,
				95D34B372673464B0007A67D /* UIScrollView+MJRefresh.m in Sources */,
				95D34B382673464B0007A67D /* MJRefreshConst.m in Sources */,
				95D34B3C2673464B0007A67D /* MJRefreshBackGifFooter.m in Sources */,
				95D34B562673464B0007A67D /* AFURLSessionManager.m in Sources */,
				95D34B622673464B0007A67D /* UIImage+GIF.m in Sources */,
				95D34AAE267345C90007A67D /* PBTestTwoController.swift in Sources */,
				95D34AA7267345AD0007A67D /* PBTestOneController.swift in Sources */,
				95D34B592673464B0007A67D /* AFHTTPRequestOperation.m in Sources */,
				95D34B4B2673464B0007A67D /* UIAlertView+AFNetworking.m in Sources */,
				95D34B3B2673464B0007A67D /* UIView+MJExtension.m in Sources */,
				95D34AAA267345AD0007A67D /* PBTestOneView.swift in Sources */,
				95D34B452673464B0007A67D /* MJRefreshFooter.m in Sources */,
				95D34B482673464B0007A67D /* MJRefreshAutoFooter.m in Sources */,
				95D34B462673464B0007A67D /* MJRefreshHeader.m in Sources */,
				95D34B612673464B0007A67D /* SDWebImageDownloader.m in Sources */,
				95D34B6A2673464B0007A67D /* UIView+WebCacheOperation.m in Sources */,
				95D34B5C2673464B0007A67D /* UIImage+WebP.m in Sources */,
				95D34B6F2673464B0007A67D /* PBTabBarController.swift in Sources */,
				95D34B6C2673464B0007A67D /* TTTAttributedLabel.m in Sources */,
			);
			runOnlyForDeploymentPostprocessing = 0;
		};
		B0110E181EA8696F00732D0C /* Sources */ = {
			isa = PBXSourcesBuildPhase;
			buildActionMask = 2147483647;
			files = (
			);
			runOnlyForDeploymentPostprocessing = 0;
		};
		B0110E231EA8696F00732D0C /* Sources */ = {
			isa = PBXSourcesBuildPhase;
			buildActionMask = 2147483647;
			files = (
			);
			runOnlyForDeploymentPostprocessing = 0;
		};
/* End PBXSourcesBuildPhase section */

/* Begin PBXTargetDependency section */
		B0110E1E1EA8696F00732D0C /* PBXTargetDependency */ = {
			isa = PBXTargetDependency;
			target = B0110E071EA8696F00732D0C /* PBSwift */;
			targetProxy = B0110E1D1EA8696F00732D0C /* PBXContainerItemProxy */;
		};
		B0110E291EA8696F00732D0C /* PBXTargetDependency */ = {
			isa = PBXTargetDependency;
			target = B0110E071EA8696F00732D0C /* PBSwift */;
			targetProxy = B0110E281EA8696F00732D0C /* PBXContainerItemProxy */;
		};
/* End PBXTargetDependency section */

/* Begin XCBuildConfiguration section */
		B0110E2E1EA8696F00732D0C /* Debug */ = {
			isa = XCBuildConfiguration;
			buildSettings = {
				ALWAYS_SEARCH_USER_PATHS = NO;
				CLANG_ANALYZER_NONNULL = YES;
				CLANG_CXX_LANGUAGE_STANDARD = "gnu++0x";
				CLANG_CXX_LIBRARY = "libc++";
				CLANG_ENABLE_MODULES = YES;
				CLANG_ENABLE_OBJC_ARC = YES;
				CLANG_WARN_BLOCK_CAPTURE_AUTORELEASING = YES;
				CLANG_WARN_BOOL_CONVERSION = YES;
				CLANG_WARN_COMMA = YES;
				CLANG_WARN_CONSTANT_CONVERSION = YES;
				CLANG_WARN_DIRECT_OBJC_ISA_USAGE = YES_ERROR;
				CLANG_WARN_DOCUMENTATION_COMMENTS = YES;
				CLANG_WARN_EMPTY_BODY = YES;
				CLANG_WARN_ENUM_CONVERSION = YES;
				CLANG_WARN_INFINITE_RECURSION = YES;
				CLANG_WARN_INT_CONVERSION = YES;
				CLANG_WARN_NON_LITERAL_NULL_CONVERSION = YES;
				CLANG_WARN_OBJC_LITERAL_CONVERSION = YES;
				CLANG_WARN_OBJC_ROOT_CLASS = YES_ERROR;
				CLANG_WARN_RANGE_LOOP_ANALYSIS = YES;
				CLANG_WARN_STRICT_PROTOTYPES = YES;
				CLANG_WARN_SUSPICIOUS_MOVE = YES;
				CLANG_WARN_UNREACHABLE_CODE = YES;
				CLANG_WARN__DUPLICATE_METHOD_MATCH = YES;
				"CODE_SIGN_IDENTITY[sdk=iphoneos*]" = "iPhone Developer";
				COPY_PHASE_STRIP = NO;
				DEBUG_INFORMATION_FORMAT = dwarf;
				ENABLE_STRICT_OBJC_MSGSEND = YES;
				ENABLE_TESTABILITY = YES;
				GCC_C_LANGUAGE_STANDARD = gnu99;
				GCC_DYNAMIC_NO_PIC = NO;
				GCC_NO_COMMON_BLOCKS = YES;
				GCC_OPTIMIZATION_LEVEL = 0;
				GCC_PREPROCESSOR_DEFINITIONS = (
					"DEBUG=1",
					"$(inherited)",
				);
				GCC_WARN_64_TO_32_BIT_CONVERSION = YES;
				GCC_WARN_ABOUT_RETURN_TYPE = YES_ERROR;
				GCC_WARN_UNDECLARED_SELECTOR = YES;
				GCC_WARN_UNINITIALIZED_AUTOS = YES_AGGRESSIVE;
				GCC_WARN_UNUSED_FUNCTION = YES;
				GCC_WARN_UNUSED_VARIABLE = YES;
				IPHONEOS_DEPLOYMENT_TARGET = 10.2;
				MTL_ENABLE_DEBUG_INFO = YES;
				ONLY_ACTIVE_ARCH = YES;
				SDKROOT = iphoneos;
				SWIFT_ACTIVE_COMPILATION_CONDITIONS = DEBUG;
				SWIFT_OPTIMIZATION_LEVEL = "-Onone";
				TARGETED_DEVICE_FAMILY = "1,2";
			};
			name = Debug;
		};
		B0110E2F1EA8696F00732D0C /* Release */ = {
			isa = XCBuildConfiguration;
			buildSettings = {
				ALWAYS_SEARCH_USER_PATHS = NO;
				CLANG_ANALYZER_NONNULL = YES;
				CLANG_CXX_LANGUAGE_STANDARD = "gnu++0x";
				CLANG_CXX_LIBRARY = "libc++";
				CLANG_ENABLE_MODULES = YES;
				CLANG_ENABLE_OBJC_ARC = YES;
				CLANG_WARN_BLOCK_CAPTURE_AUTORELEASING = YES;
				CLANG_WARN_BOOL_CONVERSION = YES;
				CLANG_WARN_COMMA = YES;
				CLANG_WARN_CONSTANT_CONVERSION = YES;
				CLANG_WARN_DIRECT_OBJC_ISA_USAGE = YES_ERROR;
				CLANG_WARN_DOCUMENTATION_COMMENTS = YES;
				CLANG_WARN_EMPTY_BODY = YES;
				CLANG_WARN_ENUM_CONVERSION = YES;
				CLANG_WARN_INFINITE_RECURSION = YES;
				CLANG_WARN_INT_CONVERSION = YES;
				CLANG_WARN_NON_LITERAL_NULL_CONVERSION = YES;
				CLANG_WARN_OBJC_LITERAL_CONVERSION = YES;
				CLANG_WARN_OBJC_ROOT_CLASS = YES_ERROR;
				CLANG_WARN_RANGE_LOOP_ANALYSIS = YES;
				CLANG_WARN_STRICT_PROTOTYPES = YES;
				CLANG_WARN_SUSPICIOUS_MOVE = YES;
				CLANG_WARN_UNREACHABLE_CODE = YES;
				CLANG_WARN__DUPLICATE_METHOD_MATCH = YES;
				"CODE_SIGN_IDENTITY[sdk=iphoneos*]" = "iPhone Developer";
				COPY_PHASE_STRIP = NO;
				DEBUG_INFORMATION_FORMAT = "dwarf-with-dsym";
				ENABLE_NS_ASSERTIONS = NO;
				ENABLE_STRICT_OBJC_MSGSEND = YES;
				GCC_C_LANGUAGE_STANDARD = gnu99;
				GCC_NO_COMMON_BLOCKS = YES;
				GCC_WARN_64_TO_32_BIT_CONVERSION = YES;
				GCC_WARN_ABOUT_RETURN_TYPE = YES_ERROR;
				GCC_WARN_UNDECLARED_SELECTOR = YES;
				GCC_WARN_UNINITIALIZED_AUTOS = YES_AGGRESSIVE;
				GCC_WARN_UNUSED_FUNCTION = YES;
				GCC_WARN_UNUSED_VARIABLE = YES;
				IPHONEOS_DEPLOYMENT_TARGET = 10.2;
				MTL_ENABLE_DEBUG_INFO = NO;
				SDKROOT = iphoneos;
				SWIFT_OPTIMIZATION_LEVEL = "-Owholemodule";
				TARGETED_DEVICE_FAMILY = "1,2";
				VALIDATE_PRODUCT = YES;
			};
			name = Release;
		};
		B0110E311EA8696F00732D0C /* Debug */ = {
			isa = XCBuildConfiguration;
			buildSettings = {
				ASSETCATALOG_COMPILER_APPICON_NAME = AppIcon;
				CODE_SIGN_IDENTITY = "Apple Development";
				CODE_SIGN_STYLE = Automatic;
				DEVELOPMENT_TEAM = W4TDPYH3Z3;
				INFOPLIST_FILE = PBSwift/Info.plist;
				LD_RUNPATH_SEARCH_PATHS = "$(inherited) @executable_path/Frameworks";
				PRODUCT_BUNDLE_IDENTIFIER = com.zsb.PBSwift;
				PRODUCT_NAME = "$(TARGET_NAME)";
				PROVISIONING_PROFILE_SPECIFIER = "";
				SWIFT_OBJC_BRIDGING_HEADER = "$(PROJECT)/Others/Main/PBSwift-Bridging-Header.h";
				SWIFT_SWIFT3_OBJC_INFERENCE = Default;
				SWIFT_VERSION = 5.0;
			};
			name = Debug;
		};
		B0110E321EA8696F00732D0C /* Release */ = {
			isa = XCBuildConfiguration;
			buildSettings = {
				ASSETCATALOG_COMPILER_APPICON_NAME = AppIcon;
				CODE_SIGN_IDENTITY = "Apple Development";
				CODE_SIGN_STYLE = Automatic;
				DEVELOPMENT_TEAM = W4TDPYH3Z3;
				INFOPLIST_FILE = PBSwift/Info.plist;
				LD_RUNPATH_SEARCH_PATHS = "$(inherited) @executable_path/Frameworks";
				PRODUCT_BUNDLE_IDENTIFIER = com.zsb.PBSwift;
				PRODUCT_NAME = "$(TARGET_NAME)";
				PROVISIONING_PROFILE_SPECIFIER = "";
				SWIFT_OBJC_BRIDGING_HEADER = "$(PROJECT)/Others/Main/PBSwift-Bridging-Header.h";
				SWIFT_SWIFT3_OBJC_INFERENCE = Default;
				SWIFT_VERSION = 5.0;
			};
			name = Release;
		};
		B0110E341EA8696F00732D0C /* Debug */ = {
			isa = XCBuildConfiguration;
			buildSettings = {
				ALWAYS_EMBED_SWIFT_STANDARD_LIBRARIES = YES;
				BUNDLE_LOADER = "$(TEST_HOST)";
				INFOPLIST_FILE = PBSwiftTests/Info.plist;
				LD_RUNPATH_SEARCH_PATHS = "$(inherited) @executable_path/Frameworks @loader_path/Frameworks";
				PRODUCT_BUNDLE_IDENTIFIER = com.zsb.PBSwiftTests;
				PRODUCT_NAME = "$(TARGET_NAME)";
				SWIFT_SWIFT3_OBJC_INFERENCE = On;
				SWIFT_VERSION = 4.0;
				TEST_HOST = "$(BUILT_PRODUCTS_DIR)/PBSwift.app/PBSwift";
			};
			name = Debug;
		};
		B0110E351EA8696F00732D0C /* Release */ = {
			isa = XCBuildConfiguration;
			buildSettings = {
				ALWAYS_EMBED_SWIFT_STANDARD_LIBRARIES = YES;
				BUNDLE_LOADER = "$(TEST_HOST)";
				INFOPLIST_FILE = PBSwiftTests/Info.plist;
				LD_RUNPATH_SEARCH_PATHS = "$(inherited) @executable_path/Frameworks @loader_path/Frameworks";
				PRODUCT_BUNDLE_IDENTIFIER = com.zsb.PBSwiftTests;
				PRODUCT_NAME = "$(TARGET_NAME)";
				SWIFT_SWIFT3_OBJC_INFERENCE = On;
				SWIFT_VERSION = 4.0;
				TEST_HOST = "$(BUILT_PRODUCTS_DIR)/PBSwift.app/PBSwift";
			};
			name = Release;
		};
		B0110E371EA8696F00732D0C /* Debug */ = {
			isa = XCBuildConfiguration;
			buildSettings = {
				ALWAYS_EMBED_SWIFT_STANDARD_LIBRARIES = YES;
				INFOPLIST_FILE = PBSwiftUITests/Info.plist;
				LD_RUNPATH_SEARCH_PATHS = "$(inherited) @executable_path/Frameworks @loader_path/Frameworks";
				PRODUCT_BUNDLE_IDENTIFIER = com.zsb.PBSwiftUITests;
				PRODUCT_NAME = "$(TARGET_NAME)";
				SWIFT_SWIFT3_OBJC_INFERENCE = On;
				SWIFT_VERSION = 4.0;
				TEST_TARGET_NAME = PBSwift;
			};
			name = Debug;
		};
		B0110E381EA8696F00732D0C /* Release */ = {
			isa = XCBuildConfiguration;
			buildSettings = {
				ALWAYS_EMBED_SWIFT_STANDARD_LIBRARIES = YES;
				INFOPLIST_FILE = PBSwiftUITests/Info.plist;
				LD_RUNPATH_SEARCH_PATHS = "$(inherited) @executable_path/Frameworks @loader_path/Frameworks";
				PRODUCT_BUNDLE_IDENTIFIER = com.zsb.PBSwiftUITests;
				PRODUCT_NAME = "$(TARGET_NAME)";
				SWIFT_SWIFT3_OBJC_INFERENCE = On;
				SWIFT_VERSION = 4.0;
				TEST_TARGET_NAME = PBSwift;
			};
			name = Release;
		};
/* End XCBuildConfiguration section */

/* Begin XCConfigurationList section */
		B0110E031EA8696F00732D0C /* Build configuration list for PBXProject "PBSwift" */ = {
			isa = XCConfigurationList;
			buildConfigurations = (
				B0110E2E1EA8696F00732D0C /* Debug */,
				B0110E2F1EA8696F00732D0C /* Release */,
			);
			defaultConfigurationIsVisible = 0;
			defaultConfigurationName = Release;
		};
		B0110E301EA8696F00732D0C /* Build configuration list for PBXNativeTarget "PBSwift" */ = {
			isa = XCConfigurationList;
			buildConfigurations = (
				B0110E311EA8696F00732D0C /* Debug */,
				B0110E321EA8696F00732D0C /* Release */,
			);
			defaultConfigurationIsVisible = 0;
			defaultConfigurationName = Release;
		};
		B0110E331EA8696F00732D0C /* Build configuration list for PBXNativeTarget "PBSwiftTests" */ = {
			isa = XCConfigurationList;
			buildConfigurations = (
				B0110E341EA8696F00732D0C /* Debug */,
				B0110E351EA8696F00732D0C /* Release */,
			);
			defaultConfigurationIsVisible = 0;
			defaultConfigurationName = Release;
		};
		B0110E361EA8696F00732D0C /* Build configuration list for PBXNativeTarget "PBSwiftUITests" */ = {
			isa = XCConfigurationList;
			buildConfigurations = (
				B0110E371EA8696F00732D0C /* Debug */,
				B0110E381EA8696F00732D0C /* Release */,
			);
			defaultConfigurationIsVisible = 0;
			defaultConfigurationName = Release;
		};
/* End XCConfigurationList section */
	};
	rootObject = B0110E001EA8696F00732D0C /* Project object */;
}
